
Microsoft Visual Studio Solution File, Format Version 12.00
# Visual Studio 15
VisualStudioVersion = 15.0.28307.572
MinimumVisualStudioVersion = 10.0.40219.1
Project("{9A19103F-16F7-4668-BE54-9A1E7A4F7556}") = "OpenRiaServices.DomainControllers.Server", "OpenRiaServices.DomainControllers.Server\Framework\OpenRiaServices.DomainControllers.Server.csproj", "{84FD018A-ECAB-436D-826C-41618CC92835}"
EndProject
Project("{9A19103F-16F7-4668-BE54-9A1E7A4F7556}") = "OpenRiaServices.DomainControllers.Server.EntityFramework", "OpenRiaServices.DomainControllers.EntityFramework\Framework\OpenRiaServices.DomainControllers.Server.EntityFramework.csproj", "{D1F330B0-1BEA-43AE-8AA5-928FDB6257C9}"
EndProject
Project("{FAE04EC0-301F-11D3-BF4B-00C04F79EFBC}") = "OpenRiaServices.DomainControllers.Server.Test", "OpenRiaServices.DomainControllers.Server\Test\OpenRiaServices.DomainControllers.Server.Test.csproj", "{81876811-6C36-492A-9609-F0E85990FBC9}"
EndProject
Global
	GlobalSection(SolutionConfigurationPlatforms) = preSolution
		CodeAnalysis|Any CPU = CodeAnalysis|Any CPU
		Debug|Any CPU = Debug|Any CPU
		Release|Any CPU = Release|Any CPU
	EndGlobalSection
	GlobalSection(ProjectConfigurationPlatforms) = postSolution
		{84FD018A-ECAB-436D-826C-41618CC92835}.CodeAnalysis|Any CPU.ActiveCfg = Debug|Any CPU
		{84FD018A-ECAB-436D-826C-41618CC92835}.CodeAnalysis|Any CPU.Build.0 = Debug|Any CPU
		{84FD018A-ECAB-436D-826C-41618CC92835}.Debug|Any CPU.ActiveCfg = Debug|Any CPU
		{84FD018A-ECAB-436D-826C-41618CC92835}.Debug|Any CPU.Build.0 = Debug|Any CPU
		{84FD018A-ECAB-436D-826C-41618CC92835}.Release|Any CPU.ActiveCfg = Release|Any CPU
		{84FD018A-ECAB-436D-826C-41618CC92835}.Release|Any CPU.Build.0 = Release|Any CPU
		{D1F330B0-1BEA-43AE-8AA5-928FDB6257C9}.CodeAnalysis|Any CPU.ActiveCfg = Debug|Any CPU
		{D1F330B0-1BEA-43AE-8AA5-928FDB6257C9}.CodeAnalysis|Any CPU.Build.0 = Debug|Any CPU
		{D1F330B0-1BEA-43AE-8AA5-928FDB6257C9}.Debug|Any CPU.ActiveCfg = Debug|Any CPU
		{D1F330B0-1BEA-43AE-8AA5-928FDB6257C9}.Debug|Any CPU.Build.0 = Debug|Any CPU
		{D1F330B0-1BEA-43AE-8AA5-928FDB6257C9}.Release|Any CPU.ActiveCfg = Release|Any CPU
		{D1F330B0-1BEA-43AE-8AA5-928FDB6257C9}.Release|Any CPU.Build.0 = Release|Any CPU
		{81876811-6C36-492A-9609-F0E85990FBC9}.CodeAnalysis|Any CPU.ActiveCfg = Release|Any CPU
		{81876811-6C36-492A-9609-F0E85990FBC9}.CodeAnalysis|Any CPU.Build.0 = Release|Any CPU
		{81876811-6C36-492A-9609-F0E85990FBC9}.Debug|Any CPU.ActiveCfg = Debug|Any CPU
		{81876811-6C36-492A-9609-F0E85990FBC9}.Debug|Any CPU.Build.0 = Debug|Any CPU
		{81876811-6C36-492A-9609-F0E85990FBC9}.Release|Any CPU.ActiveCfg = Release|Any CPU
		{81876811-6C36-492A-9609-F0E85990FBC9}.Release|Any CPU.Build.0 = Release|Any CPU
	EndGlobalSection
	GlobalSection(SolutionProperties) = preSolution
		HideSolutionNode = FALSE
	EndGlobalSection
	GlobalSection(ExtensibilityGlobals) = postSolution
		SolutionGuid = {418510BF-5FDF-4197-BC69-A3C0839F4050}
	EndGlobalSection
EndGlobal
