
Microsoft Visual Studio Solution File, Format Version 12.00
# Visual Studio 14
VisualStudioVersion = 14.0.25420.1
MinimumVisualStudioVersion = 10.0.40219.1
Project("{FAE04EC0-301F-11D3-BF4B-00C04F79EFBC}") = "RiaServicesContrib.DomainServices.EntityFramework", "RiaServicesContrib.DomainServices.EntityFramework\Framework\RiaServicesContrib.DomainServices.EntityFramework.csproj", "{E078A28C-0C43-48E4-AFE0-37101C07B9BD}"
EndProject
Project("{2150E333-8FDC-42A3-9474-1A3956D46DE8}") = "Solution Items", "Solution Items", "{7176E1AA-3FC4-4AA5-A239-75964A04B02E}"
	ProjectSection(SolutionItems) = preProject
		RiaServicesContrib.DomainServices.EntityFramework\Contrib.txt = RiaServicesContrib.DomainServices.EntityFramework\Contrib.txt
	EndProjectSection
EndProject
Global
	GlobalSection(SolutionConfigurationPlatforms) = preSolution
		CodeCov|Any CPU = CodeCov|Any CPU
		Debug|Any CPU = Debug|Any CPU
		DebugNet40|Any CPU = DebugNet40|Any CPU
		MyGet|Any CPU = MyGet|Any CPU
		MyGet40|Any CPU = MyGet40|Any CPU
		Release|Any CPU = Release|Any CPU
		ReleaseNet40|Any CPU = ReleaseNet40|Any CPU
		Signed|Any CPU = Signed|Any CPU
	EndGlobalSection
	GlobalSection(ProjectConfigurationPlatforms) = postSolution
		{E078A28C-0C43-48E4-AFE0-37101C07B9BD}.CodeCov|Any CPU.ActiveCfg = CodeCov|Any CPU
		{E078A28C-0C43-48E4-AFE0-37101C07B9BD}.CodeCov|Any CPU.Build.0 = CodeCov|Any CPU
		{E078A28C-0C43-48E4-AFE0-37101C07B9BD}.Debug|Any CPU.ActiveCfg = Debug|Any CPU
		{E078A28C-0C43-48E4-AFE0-37101C07B9BD}.Debug|Any CPU.Build.0 = Debug|Any CPU
		{E078A28C-0C43-48E4-AFE0-37101C07B9BD}.DebugNet40|Any CPU.ActiveCfg = DebugNet40|Any CPU
		{E078A28C-0C43-48E4-AFE0-37101C07B9BD}.DebugNet40|Any CPU.Build.0 = DebugNet40|Any CPU
		{E078A28C-0C43-48E4-AFE0-37101C07B9BD}.MyGet|Any CPU.ActiveCfg = MyGet|Any CPU
		{E078A28C-0C43-48E4-AFE0-37101C07B9BD}.MyGet|Any CPU.Build.0 = MyGet|Any CPU
		{E078A28C-0C43-48E4-AFE0-37101C07B9BD}.MyGet40|Any CPU.ActiveCfg = MyGet40|Any CPU
		{E078A28C-0C43-48E4-AFE0-37101C07B9BD}.MyGet40|Any CPU.Build.0 = MyGet40|Any CPU
		{E078A28C-0C43-48E4-AFE0-37101C07B9BD}.Release|Any CPU.ActiveCfg = Release|Any CPU
		{E078A28C-0C43-48E4-AFE0-37101C07B9BD}.Release|Any CPU.Build.0 = Release|Any CPU
		{E078A28C-0C43-48E4-AFE0-37101C07B9BD}.ReleaseNet40|Any CPU.ActiveCfg = ReleaseNet40|Any CPU
		{E078A28C-0C43-48E4-AFE0-37101C07B9BD}.ReleaseNet40|Any CPU.Build.0 = ReleaseNet40|Any CPU
		{E078A28C-0C43-48E4-AFE0-37101C07B9BD}.Signed|Any CPU.ActiveCfg = Signed|Any CPU
		{E078A28C-0C43-48E4-AFE0-37101C07B9BD}.Signed|Any CPU.Build.0 = Signed|Any CPU
	EndGlobalSection
	GlobalSection(SolutionProperties) = preSolution
		HideSolutionNode = FALSE
	EndGlobalSection
EndGlobal
