
Microsoft Visual Studio Solution File, Format Version 12.00
# Visual Studio 2013
VisualStudioVersion = 12.0.30110.0
MinimumVisualStudioVersion = 10.0.40219.1
Project("{FAE04EC0-301F-11D3-BF4B-00C04F79EFBC}") = "OpenRiaServices.VisualStudio.Installer", "OpenRiaServices.VisualStudio.Installer\OpenRiaServices.VisualStudio.Installer.csproj", "{DFD7622B-7F9A-42B7-9460-7078D34BCDE8}"
EndProject
Project("{FAE04EC0-301F-11D3-BF4B-00C04F79EFBC}") = "OpenRiaServices.DomainServices.Hosting", "..\OpenRiaServices.DomainServices.Hosting\Framework\OpenRiaServices.DomainServices.Hosting.csproj", "{E3844512-48A8-451A-9BE4-AC7793016B9D}"
EndProject
Project("{FAE04EC0-301F-11D3-BF4B-00C04F79EFBC}") = "OpenRiaServices.DomainServices.Server", "..\OpenRiaServices.DomainServices.Server\Framework\OpenRiaServices.DomainServices.Server.csproj", "{72E74082-7928-4A70-83C1-49806B942FCB}"
EndProject
Project("{FAE04EC0-301F-11D3-BF4B-00C04F79EFBC}") = "OpenRiaServices.VisualStudio.DomainServices.Tools", "..\OpenRiaServices.VisualStudio.DomainServices.Tools\Framework\OpenRiaServices.VisualStudio.DomainServices.Tools.csproj", "{E7D958FE-3D14-4EAD-B810-10471757CC4F}"
EndProject
Project("{FAE04EC0-301F-11D3-BF4B-00C04F79EFBC}") = "OpenRiaServices.DomainServices.Hosting.OData", "..\OpenRiaServices.DomainServices.Hosting.OData\Framework\OpenRiaServices.DomainServices.Hosting.OData.csproj", "{82539B51-6BB5-4C04-B37D-4FA850E397CF}"
EndProject
Project("{FAE04EC0-301F-11D3-BF4B-00C04F79EFBC}") = "OpenRiaServices.VisualStudio.Interface", "..\OpenRiaServices.VisualStudio.Interface\OpenRiaServices.VisualStudio.Interface.csproj", "{9CFB422B-2995-4813-831C-2BDC013B68BF}"
EndProject
Project("{FAE04EC0-301F-11D3-BF4B-00C04F79EFBC}") = "OpenRiaServices.DomainServices.EntityFramework", "..\OpenRiaServices.DomainServices.EntityFramework\Framework\OpenRiaServices.DomainServices.EntityFramework.csproj", "{72137DB5-8A91-4FF8-A292-5F6E73A66CD6}"
EndProject
Project("{930C7802-8A8C-48F9-8165-68863BCCD9DD}") = "Msi", "Msi\Msi.wixproj", "{241182CD-BD33-496C-B7E9-2EFFDBF666E3}"
EndProject
Global
	GlobalSection(SolutionConfigurationPlatforms) = preSolution
		CD_ROM|Any CPU = CD_ROM|Any CPU
		CD_ROM|Mixed Platforms = CD_ROM|Mixed Platforms
		CD_ROM|x86 = CD_ROM|x86
		CodeCov|Any CPU = CodeCov|Any CPU
		CodeCov|Mixed Platforms = CodeCov|Mixed Platforms
		CodeCov|x86 = CodeCov|x86
		Debug|Any CPU = Debug|Any CPU
		Debug|Mixed Platforms = Debug|Mixed Platforms
		Debug|x86 = Debug|x86
		DebugNet40|Any CPU = DebugNet40|Any CPU
		DebugNet40|Mixed Platforms = DebugNet40|Mixed Platforms
		DebugNet40|x86 = DebugNet40|x86
		DVD-5|Any CPU = DVD-5|Any CPU
		DVD-5|Mixed Platforms = DVD-5|Mixed Platforms
		DVD-5|x86 = DVD-5|x86
		MyGet|Any CPU = MyGet|Any CPU
		MyGet|Mixed Platforms = MyGet|Mixed Platforms
		MyGet|x86 = MyGet|x86
		MyGet40|Any CPU = MyGet40|Any CPU
		MyGet40|Mixed Platforms = MyGet40|Mixed Platforms
		MyGet40|x86 = MyGet40|x86
		Release|Any CPU = Release|Any CPU
		Release|Mixed Platforms = Release|Mixed Platforms
		Release|x86 = Release|x86
		ReleaseNet40|Any CPU = ReleaseNet40|Any CPU
		ReleaseNet40|Mixed Platforms = ReleaseNet40|Mixed Platforms
		ReleaseNet40|x86 = ReleaseNet40|x86
		Signed|Any CPU = Signed|Any CPU
		Signed|Mixed Platforms = Signed|Mixed Platforms
		Signed|x86 = Signed|x86
		SingleImage|Any CPU = SingleImage|Any CPU
		SingleImage|Mixed Platforms = SingleImage|Mixed Platforms
		SingleImage|x86 = SingleImage|x86
		Tools|Any CPU = Tools|Any CPU
		Tools|Mixed Platforms = Tools|Mixed Platforms
		Tools|x86 = Tools|x86
	EndGlobalSection
	GlobalSection(ProjectConfigurationPlatforms) = postSolution
		{DFD7622B-7F9A-42B7-9460-7078D34BCDE8}.CD_ROM|Any CPU.ActiveCfg = Signed|Any CPU
		{DFD7622B-7F9A-42B7-9460-7078D34BCDE8}.CD_ROM|Any CPU.Build.0 = Signed|Any CPU
		{DFD7622B-7F9A-42B7-9460-7078D34BCDE8}.CD_ROM|Mixed Platforms.ActiveCfg = Debug|Any CPU
		{DFD7622B-7F9A-42B7-9460-7078D34BCDE8}.CD_ROM|Mixed Platforms.Build.0 = Debug|Any CPU
		{DFD7622B-7F9A-42B7-9460-7078D34BCDE8}.CD_ROM|x86.ActiveCfg = Debug|Any CPU
		{DFD7622B-7F9A-42B7-9460-7078D34BCDE8}.CodeCov|Any CPU.ActiveCfg = Release|Any CPU
		{DFD7622B-7F9A-42B7-9460-7078D34BCDE8}.CodeCov|Any CPU.Build.0 = Release|Any CPU
		{DFD7622B-7F9A-42B7-9460-7078D34BCDE8}.CodeCov|Mixed Platforms.ActiveCfg = Debug|Any CPU
		{DFD7622B-7F9A-42B7-9460-7078D34BCDE8}.CodeCov|Mixed Platforms.Build.0 = Debug|Any CPU
		{DFD7622B-7F9A-42B7-9460-7078D34BCDE8}.CodeCov|x86.ActiveCfg = Debug|Any CPU
		{DFD7622B-7F9A-42B7-9460-7078D34BCDE8}.Debug|Any CPU.ActiveCfg = Debug|Any CPU
		{DFD7622B-7F9A-42B7-9460-7078D34BCDE8}.Debug|Any CPU.Build.0 = Debug|Any CPU
		{DFD7622B-7F9A-42B7-9460-7078D34BCDE8}.Debug|Mixed Platforms.ActiveCfg = Debug|Any CPU
		{DFD7622B-7F9A-42B7-9460-7078D34BCDE8}.Debug|Mixed Platforms.Build.0 = Debug|Any CPU
		{DFD7622B-7F9A-42B7-9460-7078D34BCDE8}.Debug|x86.ActiveCfg = Debug|Any CPU
		{DFD7622B-7F9A-42B7-9460-7078D34BCDE8}.DebugNet40|Any CPU.ActiveCfg = Debug|Any CPU
		{DFD7622B-7F9A-42B7-9460-7078D34BCDE8}.DebugNet40|Any CPU.Build.0 = Debug|Any CPU
		{DFD7622B-7F9A-42B7-9460-7078D34BCDE8}.DebugNet40|Mixed Platforms.ActiveCfg = Debug|Any CPU
		{DFD7622B-7F9A-42B7-9460-7078D34BCDE8}.DebugNet40|Mixed Platforms.Build.0 = Debug|Any CPU
		{DFD7622B-7F9A-42B7-9460-7078D34BCDE8}.DebugNet40|x86.ActiveCfg = Debug|Any CPU
		{DFD7622B-7F9A-42B7-9460-7078D34BCDE8}.DVD-5|Any CPU.ActiveCfg = Debug|Any CPU
		{DFD7622B-7F9A-42B7-9460-7078D34BCDE8}.DVD-5|Any CPU.Build.0 = Debug|Any CPU
		{DFD7622B-7F9A-42B7-9460-7078D34BCDE8}.DVD-5|Mixed Platforms.ActiveCfg = Debug|Any CPU
		{DFD7622B-7F9A-42B7-9460-7078D34BCDE8}.DVD-5|Mixed Platforms.Build.0 = Debug|Any CPU
		{DFD7622B-7F9A-42B7-9460-7078D34BCDE8}.DVD-5|x86.ActiveCfg = Debug|Any CPU
		{DFD7622B-7F9A-42B7-9460-7078D34BCDE8}.MyGet|Any CPU.ActiveCfg = Release|Any CPU
		{DFD7622B-7F9A-42B7-9460-7078D34BCDE8}.MyGet|Any CPU.Build.0 = Release|Any CPU
		{DFD7622B-7F9A-42B7-9460-7078D34BCDE8}.MyGet|Mixed Platforms.ActiveCfg = Debug|Any CPU
		{DFD7622B-7F9A-42B7-9460-7078D34BCDE8}.MyGet|Mixed Platforms.Build.0 = Debug|Any CPU
		{DFD7622B-7F9A-42B7-9460-7078D34BCDE8}.MyGet|x86.ActiveCfg = Debug|Any CPU
		{DFD7622B-7F9A-42B7-9460-7078D34BCDE8}.MyGet40|Any CPU.ActiveCfg = Release|Any CPU
		{DFD7622B-7F9A-42B7-9460-7078D34BCDE8}.MyGet40|Any CPU.Build.0 = Release|Any CPU
		{DFD7622B-7F9A-42B7-9460-7078D34BCDE8}.MyGet40|Mixed Platforms.ActiveCfg = Debug|Any CPU
		{DFD7622B-7F9A-42B7-9460-7078D34BCDE8}.MyGet40|Mixed Platforms.Build.0 = Debug|Any CPU
		{DFD7622B-7F9A-42B7-9460-7078D34BCDE8}.MyGet40|x86.ActiveCfg = Debug|Any CPU
		{DFD7622B-7F9A-42B7-9460-7078D34BCDE8}.Release|Any CPU.ActiveCfg = Release|Any CPU
		{DFD7622B-7F9A-42B7-9460-7078D34BCDE8}.Release|Any CPU.Build.0 = Release|Any CPU
		{DFD7622B-7F9A-42B7-9460-7078D34BCDE8}.Release|Mixed Platforms.ActiveCfg = Release|Any CPU
		{DFD7622B-7F9A-42B7-9460-7078D34BCDE8}.Release|Mixed Platforms.Build.0 = Release|Any CPU
		{DFD7622B-7F9A-42B7-9460-7078D34BCDE8}.Release|x86.ActiveCfg = Release|Any CPU
		{DFD7622B-7F9A-42B7-9460-7078D34BCDE8}.ReleaseNet40|Any CPU.ActiveCfg = Release|Any CPU
		{DFD7622B-7F9A-42B7-9460-7078D34BCDE8}.ReleaseNet40|Any CPU.Build.0 = Release|Any CPU
		{DFD7622B-7F9A-42B7-9460-7078D34BCDE8}.ReleaseNet40|Mixed Platforms.ActiveCfg = Release|Any CPU
		{DFD7622B-7F9A-42B7-9460-7078D34BCDE8}.ReleaseNet40|Mixed Platforms.Build.0 = Release|Any CPU
		{DFD7622B-7F9A-42B7-9460-7078D34BCDE8}.ReleaseNet40|x86.ActiveCfg = Release|Any CPU
		{DFD7622B-7F9A-42B7-9460-7078D34BCDE8}.Signed|Any CPU.ActiveCfg = Signed|Any CPU
		{DFD7622B-7F9A-42B7-9460-7078D34BCDE8}.Signed|Any CPU.Build.0 = Signed|Any CPU
		{DFD7622B-7F9A-42B7-9460-7078D34BCDE8}.Signed|Mixed Platforms.ActiveCfg = Signed|Any CPU
		{DFD7622B-7F9A-42B7-9460-7078D34BCDE8}.Signed|Mixed Platforms.Build.0 = Signed|Any CPU
		{DFD7622B-7F9A-42B7-9460-7078D34BCDE8}.Signed|x86.ActiveCfg = Signed|Any CPU
		{DFD7622B-7F9A-42B7-9460-7078D34BCDE8}.SingleImage|Any CPU.ActiveCfg = Signed|Any CPU
		{DFD7622B-7F9A-42B7-9460-7078D34BCDE8}.SingleImage|Any CPU.Build.0 = Signed|Any CPU
		{DFD7622B-7F9A-42B7-9460-7078D34BCDE8}.SingleImage|Mixed Platforms.ActiveCfg = Signed|Any CPU
		{DFD7622B-7F9A-42B7-9460-7078D34BCDE8}.SingleImage|Mixed Platforms.Build.0 = Signed|Any CPU
		{DFD7622B-7F9A-42B7-9460-7078D34BCDE8}.SingleImage|x86.ActiveCfg = Signed|Any CPU
		{DFD7622B-7F9A-42B7-9460-7078D34BCDE8}.Tools|Any CPU.ActiveCfg = Signed|Any CPU
		{DFD7622B-7F9A-42B7-9460-7078D34BCDE8}.Tools|Any CPU.Build.0 = Signed|Any CPU
		{DFD7622B-7F9A-42B7-9460-7078D34BCDE8}.Tools|Mixed Platforms.ActiveCfg = Debug|Any CPU
		{DFD7622B-7F9A-42B7-9460-7078D34BCDE8}.Tools|Mixed Platforms.Build.0 = Debug|Any CPU
		{DFD7622B-7F9A-42B7-9460-7078D34BCDE8}.Tools|x86.ActiveCfg = Debug|Any CPU
		{E3844512-48A8-451A-9BE4-AC7793016B9D}.CD_ROM|Any CPU.ActiveCfg = CodeCov|Any CPU
		{E3844512-48A8-451A-9BE4-AC7793016B9D}.CD_ROM|Any CPU.Build.0 = CodeCov|Any CPU
		{E3844512-48A8-451A-9BE4-AC7793016B9D}.CD_ROM|Mixed Platforms.ActiveCfg = CodeCov|Any CPU
		{E3844512-48A8-451A-9BE4-AC7793016B9D}.CD_ROM|Mixed Platforms.Build.0 = CodeCov|Any CPU
		{E3844512-48A8-451A-9BE4-AC7793016B9D}.CD_ROM|x86.ActiveCfg = CodeCov|Any CPU
		{E3844512-48A8-451A-9BE4-AC7793016B9D}.CodeCov|Any CPU.ActiveCfg = CodeCov|Any CPU
		{E3844512-48A8-451A-9BE4-AC7793016B9D}.CodeCov|Any CPU.Build.0 = CodeCov|Any CPU
		{E3844512-48A8-451A-9BE4-AC7793016B9D}.CodeCov|Mixed Platforms.ActiveCfg = CodeCov|Any CPU
		{E3844512-48A8-451A-9BE4-AC7793016B9D}.CodeCov|Mixed Platforms.Build.0 = CodeCov|Any CPU
		{E3844512-48A8-451A-9BE4-AC7793016B9D}.CodeCov|x86.ActiveCfg = CodeCov|Any CPU
		{E3844512-48A8-451A-9BE4-AC7793016B9D}.Debug|Any CPU.ActiveCfg = Debug|Any CPU
		{E3844512-48A8-451A-9BE4-AC7793016B9D}.Debug|Any CPU.Build.0 = Debug|Any CPU
		{E3844512-48A8-451A-9BE4-AC7793016B9D}.Debug|Mixed Platforms.ActiveCfg = Debug|Any CPU
		{E3844512-48A8-451A-9BE4-AC7793016B9D}.Debug|Mixed Platforms.Build.0 = Debug|Any CPU
		{E3844512-48A8-451A-9BE4-AC7793016B9D}.Debug|x86.ActiveCfg = Debug|Any CPU
		{E3844512-48A8-451A-9BE4-AC7793016B9D}.DebugNet40|Any CPU.ActiveCfg = DebugNet40|Any CPU
		{E3844512-48A8-451A-9BE4-AC7793016B9D}.DebugNet40|Any CPU.Build.0 = DebugNet40|Any CPU
		{E3844512-48A8-451A-9BE4-AC7793016B9D}.DebugNet40|Mixed Platforms.ActiveCfg = DebugNet40|Any CPU
		{E3844512-48A8-451A-9BE4-AC7793016B9D}.DebugNet40|Mixed Platforms.Build.0 = DebugNet40|Any CPU
		{E3844512-48A8-451A-9BE4-AC7793016B9D}.DebugNet40|x86.ActiveCfg = DebugNet40|Any CPU
		{E3844512-48A8-451A-9BE4-AC7793016B9D}.DVD-5|Any CPU.ActiveCfg = DebugNet40|Any CPU
		{E3844512-48A8-451A-9BE4-AC7793016B9D}.DVD-5|Any CPU.Build.0 = DebugNet40|Any CPU
		{E3844512-48A8-451A-9BE4-AC7793016B9D}.DVD-5|Mixed Platforms.ActiveCfg = DebugNet40|Any CPU
		{E3844512-48A8-451A-9BE4-AC7793016B9D}.DVD-5|Mixed Platforms.Build.0 = DebugNet40|Any CPU
		{E3844512-48A8-451A-9BE4-AC7793016B9D}.DVD-5|x86.ActiveCfg = DebugNet40|Any CPU
		{E3844512-48A8-451A-9BE4-AC7793016B9D}.MyGet|Any CPU.ActiveCfg = MyGet|Any CPU
		{E3844512-48A8-451A-9BE4-AC7793016B9D}.MyGet|Any CPU.Build.0 = MyGet|Any CPU
		{E3844512-48A8-451A-9BE4-AC7793016B9D}.MyGet|Mixed Platforms.ActiveCfg = MyGet|Any CPU
		{E3844512-48A8-451A-9BE4-AC7793016B9D}.MyGet|Mixed Platforms.Build.0 = MyGet|Any CPU
		{E3844512-48A8-451A-9BE4-AC7793016B9D}.MyGet|x86.ActiveCfg = MyGet|Any CPU
		{E3844512-48A8-451A-9BE4-AC7793016B9D}.MyGet40|Any CPU.ActiveCfg = MyGet40|Any CPU
		{E3844512-48A8-451A-9BE4-AC7793016B9D}.MyGet40|Any CPU.Build.0 = MyGet40|Any CPU
		{E3844512-48A8-451A-9BE4-AC7793016B9D}.MyGet40|Mixed Platforms.ActiveCfg = MyGet40|Any CPU
		{E3844512-48A8-451A-9BE4-AC7793016B9D}.MyGet40|Mixed Platforms.Build.0 = MyGet40|Any CPU
		{E3844512-48A8-451A-9BE4-AC7793016B9D}.MyGet40|x86.ActiveCfg = MyGet40|Any CPU
		{E3844512-48A8-451A-9BE4-AC7793016B9D}.Release|Any CPU.ActiveCfg = Release|Any CPU
		{E3844512-48A8-451A-9BE4-AC7793016B9D}.Release|Any CPU.Build.0 = Release|Any CPU
		{E3844512-48A8-451A-9BE4-AC7793016B9D}.Release|Mixed Platforms.ActiveCfg = Release|Any CPU
		{E3844512-48A8-451A-9BE4-AC7793016B9D}.Release|Mixed Platforms.Build.0 = Release|Any CPU
		{E3844512-48A8-451A-9BE4-AC7793016B9D}.Release|x86.ActiveCfg = Release|Any CPU
		{E3844512-48A8-451A-9BE4-AC7793016B9D}.ReleaseNet40|Any CPU.ActiveCfg = ReleaseNet40|Any CPU
		{E3844512-48A8-451A-9BE4-AC7793016B9D}.ReleaseNet40|Any CPU.Build.0 = ReleaseNet40|Any CPU
		{E3844512-48A8-451A-9BE4-AC7793016B9D}.ReleaseNet40|Mixed Platforms.ActiveCfg = ReleaseNet40|Any CPU
		{E3844512-48A8-451A-9BE4-AC7793016B9D}.ReleaseNet40|Mixed Platforms.Build.0 = ReleaseNet40|Any CPU
		{E3844512-48A8-451A-9BE4-AC7793016B9D}.ReleaseNet40|x86.ActiveCfg = ReleaseNet40|Any CPU
		{E3844512-48A8-451A-9BE4-AC7793016B9D}.Signed|Any CPU.ActiveCfg = ReleaseNet40|Any CPU
		{E3844512-48A8-451A-9BE4-AC7793016B9D}.Signed|Any CPU.Build.0 = ReleaseNet40|Any CPU
		{E3844512-48A8-451A-9BE4-AC7793016B9D}.Signed|Mixed Platforms.ActiveCfg = ReleaseNet40|Any CPU
		{E3844512-48A8-451A-9BE4-AC7793016B9D}.Signed|Mixed Platforms.Build.0 = ReleaseNet40|Any CPU
		{E3844512-48A8-451A-9BE4-AC7793016B9D}.Signed|x86.ActiveCfg = ReleaseNet40|Any CPU
		{E3844512-48A8-451A-9BE4-AC7793016B9D}.SingleImage|Any CPU.ActiveCfg = ReleaseNet40|Any CPU
		{E3844512-48A8-451A-9BE4-AC7793016B9D}.SingleImage|Any CPU.Build.0 = ReleaseNet40|Any CPU
		{E3844512-48A8-451A-9BE4-AC7793016B9D}.SingleImage|Mixed Platforms.ActiveCfg = ReleaseNet40|Any CPU
		{E3844512-48A8-451A-9BE4-AC7793016B9D}.SingleImage|Mixed Platforms.Build.0 = ReleaseNet40|Any CPU
		{E3844512-48A8-451A-9BE4-AC7793016B9D}.SingleImage|x86.ActiveCfg = ReleaseNet40|Any CPU
		{E3844512-48A8-451A-9BE4-AC7793016B9D}.Tools|Any CPU.ActiveCfg = ReleaseNet40|Any CPU
		{E3844512-48A8-451A-9BE4-AC7793016B9D}.Tools|Any CPU.Build.0 = ReleaseNet40|Any CPU
		{E3844512-48A8-451A-9BE4-AC7793016B9D}.Tools|Mixed Platforms.ActiveCfg = ReleaseNet40|Any CPU
		{E3844512-48A8-451A-9BE4-AC7793016B9D}.Tools|Mixed Platforms.Build.0 = ReleaseNet40|Any CPU
		{E3844512-48A8-451A-9BE4-AC7793016B9D}.Tools|x86.ActiveCfg = ReleaseNet40|Any CPU
		{72E74082-7928-4A70-83C1-49806B942FCB}.CD_ROM|Any CPU.ActiveCfg = CodeCov|Any CPU
		{72E74082-7928-4A70-83C1-49806B942FCB}.CD_ROM|Any CPU.Build.0 = CodeCov|Any CPU
		{72E74082-7928-4A70-83C1-49806B942FCB}.CD_ROM|Mixed Platforms.ActiveCfg = CodeCov|Any CPU
		{72E74082-7928-4A70-83C1-49806B942FCB}.CD_ROM|Mixed Platforms.Build.0 = CodeCov|Any CPU
		{72E74082-7928-4A70-83C1-49806B942FCB}.CD_ROM|x86.ActiveCfg = CodeCov|Any CPU
		{72E74082-7928-4A70-83C1-49806B942FCB}.CodeCov|Any CPU.ActiveCfg = CodeCov|Any CPU
		{72E74082-7928-4A70-83C1-49806B942FCB}.CodeCov|Any CPU.Build.0 = CodeCov|Any CPU
		{72E74082-7928-4A70-83C1-49806B942FCB}.CodeCov|Mixed Platforms.ActiveCfg = CodeCov|Any CPU
		{72E74082-7928-4A70-83C1-49806B942FCB}.CodeCov|Mixed Platforms.Build.0 = CodeCov|Any CPU
		{72E74082-7928-4A70-83C1-49806B942FCB}.CodeCov|x86.ActiveCfg = CodeCov|Any CPU
		{72E74082-7928-4A70-83C1-49806B942FCB}.Debug|Any CPU.ActiveCfg = Debug|Any CPU
		{72E74082-7928-4A70-83C1-49806B942FCB}.Debug|Any CPU.Build.0 = Debug|Any CPU
		{72E74082-7928-4A70-83C1-49806B942FCB}.Debug|Mixed Platforms.ActiveCfg = Debug|Any CPU
		{72E74082-7928-4A70-83C1-49806B942FCB}.Debug|Mixed Platforms.Build.0 = Debug|Any CPU
		{72E74082-7928-4A70-83C1-49806B942FCB}.Debug|x86.ActiveCfg = Debug|Any CPU
		{72E74082-7928-4A70-83C1-49806B942FCB}.DebugNet40|Any CPU.ActiveCfg = DebugNet40|Any CPU
		{72E74082-7928-4A70-83C1-49806B942FCB}.DebugNet40|Any CPU.Build.0 = DebugNet40|Any CPU
		{72E74082-7928-4A70-83C1-49806B942FCB}.DebugNet40|Mixed Platforms.ActiveCfg = DebugNet40|Any CPU
		{72E74082-7928-4A70-83C1-49806B942FCB}.DebugNet40|Mixed Platforms.Build.0 = DebugNet40|Any CPU
		{72E74082-7928-4A70-83C1-49806B942FCB}.DebugNet40|x86.ActiveCfg = DebugNet40|Any CPU
		{72E74082-7928-4A70-83C1-49806B942FCB}.DVD-5|Any CPU.ActiveCfg = DebugNet40|Any CPU
		{72E74082-7928-4A70-83C1-49806B942FCB}.DVD-5|Any CPU.Build.0 = DebugNet40|Any CPU
		{72E74082-7928-4A70-83C1-49806B942FCB}.DVD-5|Mixed Platforms.ActiveCfg = DebugNet40|Any CPU
		{72E74082-7928-4A70-83C1-49806B942FCB}.DVD-5|Mixed Platforms.Build.0 = DebugNet40|Any CPU
		{72E74082-7928-4A70-83C1-49806B942FCB}.DVD-5|x86.ActiveCfg = DebugNet40|Any CPU
		{72E74082-7928-4A70-83C1-49806B942FCB}.MyGet|Any CPU.ActiveCfg = MyGet|Any CPU
		{72E74082-7928-4A70-83C1-49806B942FCB}.MyGet|Any CPU.Build.0 = MyGet|Any CPU
		{72E74082-7928-4A70-83C1-49806B942FCB}.MyGet|Mixed Platforms.ActiveCfg = MyGet|Any CPU
		{72E74082-7928-4A70-83C1-49806B942FCB}.MyGet|Mixed Platforms.Build.0 = MyGet|Any CPU
		{72E74082-7928-4A70-83C1-49806B942FCB}.MyGet|x86.ActiveCfg = MyGet|Any CPU
		{72E74082-7928-4A70-83C1-49806B942FCB}.MyGet40|Any CPU.ActiveCfg = MyGet40|Any CPU
		{72E74082-7928-4A70-83C1-49806B942FCB}.MyGet40|Any CPU.Build.0 = MyGet40|Any CPU
		{72E74082-7928-4A70-83C1-49806B942FCB}.MyGet40|Mixed Platforms.ActiveCfg = MyGet40|Any CPU
		{72E74082-7928-4A70-83C1-49806B942FCB}.MyGet40|Mixed Platforms.Build.0 = MyGet40|Any CPU
		{72E74082-7928-4A70-83C1-49806B942FCB}.MyGet40|x86.ActiveCfg = MyGet40|Any CPU
		{72E74082-7928-4A70-83C1-49806B942FCB}.Release|Any CPU.ActiveCfg = Release|Any CPU
		{72E74082-7928-4A70-83C1-49806B942FCB}.Release|Any CPU.Build.0 = Release|Any CPU
		{72E74082-7928-4A70-83C1-49806B942FCB}.Release|Mixed Platforms.ActiveCfg = Release|Any CPU
		{72E74082-7928-4A70-83C1-49806B942FCB}.Release|Mixed Platforms.Build.0 = Release|Any CPU
		{72E74082-7928-4A70-83C1-49806B942FCB}.Release|x86.ActiveCfg = Release|Any CPU
		{72E74082-7928-4A70-83C1-49806B942FCB}.ReleaseNet40|Any CPU.ActiveCfg = ReleaseNet40|Any CPU
		{72E74082-7928-4A70-83C1-49806B942FCB}.ReleaseNet40|Any CPU.Build.0 = ReleaseNet40|Any CPU
		{72E74082-7928-4A70-83C1-49806B942FCB}.ReleaseNet40|Mixed Platforms.ActiveCfg = ReleaseNet40|Any CPU
		{72E74082-7928-4A70-83C1-49806B942FCB}.ReleaseNet40|Mixed Platforms.Build.0 = ReleaseNet40|Any CPU
		{72E74082-7928-4A70-83C1-49806B942FCB}.ReleaseNet40|x86.ActiveCfg = ReleaseNet40|Any CPU
		{72E74082-7928-4A70-83C1-49806B942FCB}.Signed|Any CPU.ActiveCfg = ReleaseNet40|Any CPU
		{72E74082-7928-4A70-83C1-49806B942FCB}.Signed|Any CPU.Build.0 = ReleaseNet40|Any CPU
		{72E74082-7928-4A70-83C1-49806B942FCB}.Signed|Mixed Platforms.ActiveCfg = ReleaseNet40|Any CPU
		{72E74082-7928-4A70-83C1-49806B942FCB}.Signed|Mixed Platforms.Build.0 = ReleaseNet40|Any CPU
		{72E74082-7928-4A70-83C1-49806B942FCB}.Signed|x86.ActiveCfg = ReleaseNet40|Any CPU
		{72E74082-7928-4A70-83C1-49806B942FCB}.SingleImage|Any CPU.ActiveCfg = ReleaseNet40|Any CPU
		{72E74082-7928-4A70-83C1-49806B942FCB}.SingleImage|Any CPU.Build.0 = ReleaseNet40|Any CPU
		{72E74082-7928-4A70-83C1-49806B942FCB}.SingleImage|Mixed Platforms.ActiveCfg = ReleaseNet40|Any CPU
		{72E74082-7928-4A70-83C1-49806B942FCB}.SingleImage|Mixed Platforms.Build.0 = ReleaseNet40|Any CPU
		{72E74082-7928-4A70-83C1-49806B942FCB}.SingleImage|x86.ActiveCfg = ReleaseNet40|Any CPU
		{72E74082-7928-4A70-83C1-49806B942FCB}.Tools|Any CPU.ActiveCfg = ReleaseNet40|Any CPU
		{72E74082-7928-4A70-83C1-49806B942FCB}.Tools|Any CPU.Build.0 = ReleaseNet40|Any CPU
		{72E74082-7928-4A70-83C1-49806B942FCB}.Tools|Mixed Platforms.ActiveCfg = ReleaseNet40|Any CPU
		{72E74082-7928-4A70-83C1-49806B942FCB}.Tools|Mixed Platforms.Build.0 = ReleaseNet40|Any CPU
		{72E74082-7928-4A70-83C1-49806B942FCB}.Tools|x86.ActiveCfg = ReleaseNet40|Any CPU
		{E7D958FE-3D14-4EAD-B810-10471757CC4F}.CD_ROM|Any CPU.ActiveCfg = CodeCov|Any CPU
		{E7D958FE-3D14-4EAD-B810-10471757CC4F}.CD_ROM|Any CPU.Build.0 = CodeCov|Any CPU
		{E7D958FE-3D14-4EAD-B810-10471757CC4F}.CD_ROM|Mixed Platforms.ActiveCfg = CodeCov|Any CPU
		{E7D958FE-3D14-4EAD-B810-10471757CC4F}.CD_ROM|Mixed Platforms.Build.0 = CodeCov|Any CPU
		{E7D958FE-3D14-4EAD-B810-10471757CC4F}.CD_ROM|x86.ActiveCfg = CodeCov|Any CPU
		{E7D958FE-3D14-4EAD-B810-10471757CC4F}.CodeCov|Any CPU.ActiveCfg = CodeCov|Any CPU
		{E7D958FE-3D14-4EAD-B810-10471757CC4F}.CodeCov|Any CPU.Build.0 = CodeCov|Any CPU
		{E7D958FE-3D14-4EAD-B810-10471757CC4F}.CodeCov|Mixed Platforms.ActiveCfg = CodeCov|Any CPU
		{E7D958FE-3D14-4EAD-B810-10471757CC4F}.CodeCov|Mixed Platforms.Build.0 = CodeCov|Any CPU
		{E7D958FE-3D14-4EAD-B810-10471757CC4F}.CodeCov|x86.ActiveCfg = CodeCov|Any CPU
		{E7D958FE-3D14-4EAD-B810-10471757CC4F}.Debug|Any CPU.ActiveCfg = Debug|Any CPU
		{E7D958FE-3D14-4EAD-B810-10471757CC4F}.Debug|Any CPU.Build.0 = Debug|Any CPU
		{E7D958FE-3D14-4EAD-B810-10471757CC4F}.Debug|Mixed Platforms.ActiveCfg = Debug|Any CPU
		{E7D958FE-3D14-4EAD-B810-10471757CC4F}.Debug|Mixed Platforms.Build.0 = Debug|Any CPU
		{E7D958FE-3D14-4EAD-B810-10471757CC4F}.Debug|x86.ActiveCfg = Debug|Any CPU
		{E7D958FE-3D14-4EAD-B810-10471757CC4F}.DebugNet40|Any CPU.ActiveCfg = DebugNet40|Any CPU
		{E7D958FE-3D14-4EAD-B810-10471757CC4F}.DebugNet40|Any CPU.Build.0 = DebugNet40|Any CPU
		{E7D958FE-3D14-4EAD-B810-10471757CC4F}.DebugNet40|Mixed Platforms.ActiveCfg = DebugNet40|Any CPU
		{E7D958FE-3D14-4EAD-B810-10471757CC4F}.DebugNet40|Mixed Platforms.Build.0 = DebugNet40|Any CPU
		{E7D958FE-3D14-4EAD-B810-10471757CC4F}.DebugNet40|x86.ActiveCfg = DebugNet40|Any CPU
		{E7D958FE-3D14-4EAD-B810-10471757CC4F}.DVD-5|Any CPU.ActiveCfg = DebugNet40|Any CPU
		{E7D958FE-3D14-4EAD-B810-10471757CC4F}.DVD-5|Any CPU.Build.0 = DebugNet40|Any CPU
		{E7D958FE-3D14-4EAD-B810-10471757CC4F}.DVD-5|Mixed Platforms.ActiveCfg = DebugNet40|Any CPU
		{E7D958FE-3D14-4EAD-B810-10471757CC4F}.DVD-5|Mixed Platforms.Build.0 = DebugNet40|Any CPU
		{E7D958FE-3D14-4EAD-B810-10471757CC4F}.DVD-5|x86.ActiveCfg = DebugNet40|Any CPU
		{E7D958FE-3D14-4EAD-B810-10471757CC4F}.MyGet|Any CPU.ActiveCfg = MyGet|Any CPU
		{E7D958FE-3D14-4EAD-B810-10471757CC4F}.MyGet|Any CPU.Build.0 = MyGet|Any CPU
		{E7D958FE-3D14-4EAD-B810-10471757CC4F}.MyGet|Mixed Platforms.ActiveCfg = MyGet|Any CPU
		{E7D958FE-3D14-4EAD-B810-10471757CC4F}.MyGet|Mixed Platforms.Build.0 = MyGet|Any CPU
		{E7D958FE-3D14-4EAD-B810-10471757CC4F}.MyGet|x86.ActiveCfg = MyGet|Any CPU
		{E7D958FE-3D14-4EAD-B810-10471757CC4F}.MyGet40|Any CPU.ActiveCfg = MyGet40|Any CPU
		{E7D958FE-3D14-4EAD-B810-10471757CC4F}.MyGet40|Any CPU.Build.0 = MyGet40|Any CPU
		{E7D958FE-3D14-4EAD-B810-10471757CC4F}.MyGet40|Mixed Platforms.ActiveCfg = MyGet40|Any CPU
		{E7D958FE-3D14-4EAD-B810-10471757CC4F}.MyGet40|Mixed Platforms.Build.0 = MyGet40|Any CPU
		{E7D958FE-3D14-4EAD-B810-10471757CC4F}.MyGet40|x86.ActiveCfg = MyGet40|Any CPU
		{E7D958FE-3D14-4EAD-B810-10471757CC4F}.Release|Any CPU.ActiveCfg = Release|Any CPU
		{E7D958FE-3D14-4EAD-B810-10471757CC4F}.Release|Any CPU.Build.0 = Release|Any CPU
		{E7D958FE-3D14-4EAD-B810-10471757CC4F}.Release|Mixed Platforms.ActiveCfg = Release|Any CPU
		{E7D958FE-3D14-4EAD-B810-10471757CC4F}.Release|Mixed Platforms.Build.0 = Release|Any CPU
		{E7D958FE-3D14-4EAD-B810-10471757CC4F}.Release|x86.ActiveCfg = Release|Any CPU
		{E7D958FE-3D14-4EAD-B810-10471757CC4F}.ReleaseNet40|Any CPU.ActiveCfg = ReleaseNet40|Any CPU
		{E7D958FE-3D14-4EAD-B810-10471757CC4F}.ReleaseNet40|Any CPU.Build.0 = ReleaseNet40|Any CPU
		{E7D958FE-3D14-4EAD-B810-10471757CC4F}.ReleaseNet40|Mixed Platforms.ActiveCfg = ReleaseNet40|Any CPU
		{E7D958FE-3D14-4EAD-B810-10471757CC4F}.ReleaseNet40|Mixed Platforms.Build.0 = ReleaseNet40|Any CPU
		{E7D958FE-3D14-4EAD-B810-10471757CC4F}.ReleaseNet40|x86.ActiveCfg = ReleaseNet40|Any CPU
		{E7D958FE-3D14-4EAD-B810-10471757CC4F}.Signed|Any CPU.ActiveCfg = ReleaseNet40|Any CPU
		{E7D958FE-3D14-4EAD-B810-10471757CC4F}.Signed|Any CPU.Build.0 = ReleaseNet40|Any CPU
		{E7D958FE-3D14-4EAD-B810-10471757CC4F}.Signed|Mixed Platforms.ActiveCfg = ReleaseNet40|Any CPU
		{E7D958FE-3D14-4EAD-B810-10471757CC4F}.Signed|Mixed Platforms.Build.0 = ReleaseNet40|Any CPU
		{E7D958FE-3D14-4EAD-B810-10471757CC4F}.Signed|x86.ActiveCfg = ReleaseNet40|Any CPU
		{E7D958FE-3D14-4EAD-B810-10471757CC4F}.SingleImage|Any CPU.ActiveCfg = ReleaseNet40|Any CPU
		{E7D958FE-3D14-4EAD-B810-10471757CC4F}.SingleImage|Any CPU.Build.0 = ReleaseNet40|Any CPU
		{E7D958FE-3D14-4EAD-B810-10471757CC4F}.SingleImage|Mixed Platforms.ActiveCfg = ReleaseNet40|Any CPU
		{E7D958FE-3D14-4EAD-B810-10471757CC4F}.SingleImage|Mixed Platforms.Build.0 = ReleaseNet40|Any CPU
		{E7D958FE-3D14-4EAD-B810-10471757CC4F}.SingleImage|x86.ActiveCfg = ReleaseNet40|Any CPU
		{E7D958FE-3D14-4EAD-B810-10471757CC4F}.Tools|Any CPU.ActiveCfg = ReleaseNet40|Any CPU
		{E7D958FE-3D14-4EAD-B810-10471757CC4F}.Tools|Any CPU.Build.0 = ReleaseNet40|Any CPU
		{E7D958FE-3D14-4EAD-B810-10471757CC4F}.Tools|Mixed Platforms.ActiveCfg = ReleaseNet40|Any CPU
		{E7D958FE-3D14-4EAD-B810-10471757CC4F}.Tools|Mixed Platforms.Build.0 = ReleaseNet40|Any CPU
		{E7D958FE-3D14-4EAD-B810-10471757CC4F}.Tools|x86.ActiveCfg = ReleaseNet40|Any CPU
		{82539B51-6BB5-4C04-B37D-4FA850E397CF}.CD_ROM|Any CPU.ActiveCfg = CodeCov|Any CPU
		{82539B51-6BB5-4C04-B37D-4FA850E397CF}.CD_ROM|Any CPU.Build.0 = CodeCov|Any CPU
		{82539B51-6BB5-4C04-B37D-4FA850E397CF}.CD_ROM|Mixed Platforms.ActiveCfg = CodeCov|Any CPU
		{82539B51-6BB5-4C04-B37D-4FA850E397CF}.CD_ROM|Mixed Platforms.Build.0 = CodeCov|Any CPU
		{82539B51-6BB5-4C04-B37D-4FA850E397CF}.CD_ROM|x86.ActiveCfg = CodeCov|Any CPU
		{82539B51-6BB5-4C04-B37D-4FA850E397CF}.CodeCov|Any CPU.ActiveCfg = CodeCov|Any CPU
		{82539B51-6BB5-4C04-B37D-4FA850E397CF}.CodeCov|Any CPU.Build.0 = CodeCov|Any CPU
		{82539B51-6BB5-4C04-B37D-4FA850E397CF}.CodeCov|Mixed Platforms.ActiveCfg = CodeCov|Any CPU
		{82539B51-6BB5-4C04-B37D-4FA850E397CF}.CodeCov|Mixed Platforms.Build.0 = CodeCov|Any CPU
		{82539B51-6BB5-4C04-B37D-4FA850E397CF}.CodeCov|x86.ActiveCfg = CodeCov|Any CPU
		{82539B51-6BB5-4C04-B37D-4FA850E397CF}.Debug|Any CPU.ActiveCfg = Debug|Any CPU
		{82539B51-6BB5-4C04-B37D-4FA850E397CF}.Debug|Any CPU.Build.0 = Debug|Any CPU
		{82539B51-6BB5-4C04-B37D-4FA850E397CF}.Debug|Mixed Platforms.ActiveCfg = Debug|Any CPU
		{82539B51-6BB5-4C04-B37D-4FA850E397CF}.Debug|Mixed Platforms.Build.0 = Debug|Any CPU
		{82539B51-6BB5-4C04-B37D-4FA850E397CF}.Debug|x86.ActiveCfg = Debug|Any CPU
		{82539B51-6BB5-4C04-B37D-4FA850E397CF}.DebugNet40|Any CPU.ActiveCfg = DebugNet40|Any CPU
		{82539B51-6BB5-4C04-B37D-4FA850E397CF}.DebugNet40|Any CPU.Build.0 = DebugNet40|Any CPU
		{82539B51-6BB5-4C04-B37D-4FA850E397CF}.DebugNet40|Mixed Platforms.ActiveCfg = DebugNet40|Any CPU
		{82539B51-6BB5-4C04-B37D-4FA850E397CF}.DebugNet40|Mixed Platforms.Build.0 = DebugNet40|Any CPU
		{82539B51-6BB5-4C04-B37D-4FA850E397CF}.DebugNet40|x86.ActiveCfg = DebugNet40|Any CPU
		{82539B51-6BB5-4C04-B37D-4FA850E397CF}.DVD-5|Any CPU.ActiveCfg = DebugNet40|Any CPU
		{82539B51-6BB5-4C04-B37D-4FA850E397CF}.DVD-5|Any CPU.Build.0 = DebugNet40|Any CPU
		{82539B51-6BB5-4C04-B37D-4FA850E397CF}.DVD-5|Mixed Platforms.ActiveCfg = DebugNet40|Any CPU
		{82539B51-6BB5-4C04-B37D-4FA850E397CF}.DVD-5|Mixed Platforms.Build.0 = DebugNet40|Any CPU
		{82539B51-6BB5-4C04-B37D-4FA850E397CF}.DVD-5|x86.ActiveCfg = DebugNet40|Any CPU
		{82539B51-6BB5-4C04-B37D-4FA850E397CF}.MyGet|Any CPU.ActiveCfg = MyGet|Any CPU
		{82539B51-6BB5-4C04-B37D-4FA850E397CF}.MyGet|Any CPU.Build.0 = MyGet|Any CPU
		{82539B51-6BB5-4C04-B37D-4FA850E397CF}.MyGet|Mixed Platforms.ActiveCfg = MyGet|Any CPU
		{82539B51-6BB5-4C04-B37D-4FA850E397CF}.MyGet|Mixed Platforms.Build.0 = MyGet|Any CPU
		{82539B51-6BB5-4C04-B37D-4FA850E397CF}.MyGet|x86.ActiveCfg = MyGet|Any CPU
		{82539B51-6BB5-4C04-B37D-4FA850E397CF}.MyGet40|Any CPU.ActiveCfg = MyGet40|Any CPU
		{82539B51-6BB5-4C04-B37D-4FA850E397CF}.MyGet40|Any CPU.Build.0 = MyGet40|Any CPU
		{82539B51-6BB5-4C04-B37D-4FA850E397CF}.MyGet40|Mixed Platforms.ActiveCfg = MyGet40|Any CPU
		{82539B51-6BB5-4C04-B37D-4FA850E397CF}.MyGet40|Mixed Platforms.Build.0 = MyGet40|Any CPU
		{82539B51-6BB5-4C04-B37D-4FA850E397CF}.MyGet40|x86.ActiveCfg = MyGet40|Any CPU
		{82539B51-6BB5-4C04-B37D-4FA850E397CF}.Release|Any CPU.ActiveCfg = Release|Any CPU
		{82539B51-6BB5-4C04-B37D-4FA850E397CF}.Release|Any CPU.Build.0 = Release|Any CPU
		{82539B51-6BB5-4C04-B37D-4FA850E397CF}.Release|Mixed Platforms.ActiveCfg = Release|Any CPU
		{82539B51-6BB5-4C04-B37D-4FA850E397CF}.Release|Mixed Platforms.Build.0 = Release|Any CPU
		{82539B51-6BB5-4C04-B37D-4FA850E397CF}.Release|x86.ActiveCfg = Release|Any CPU
		{82539B51-6BB5-4C04-B37D-4FA850E397CF}.ReleaseNet40|Any CPU.ActiveCfg = ReleaseNet40|Any CPU
		{82539B51-6BB5-4C04-B37D-4FA850E397CF}.ReleaseNet40|Any CPU.Build.0 = ReleaseNet40|Any CPU
		{82539B51-6BB5-4C04-B37D-4FA850E397CF}.ReleaseNet40|Mixed Platforms.ActiveCfg = ReleaseNet40|Any CPU
		{82539B51-6BB5-4C04-B37D-4FA850E397CF}.ReleaseNet40|Mixed Platforms.Build.0 = ReleaseNet40|Any CPU
		{82539B51-6BB5-4C04-B37D-4FA850E397CF}.ReleaseNet40|x86.ActiveCfg = ReleaseNet40|Any CPU
		{82539B51-6BB5-4C04-B37D-4FA850E397CF}.Signed|Any CPU.ActiveCfg = ReleaseNet40|Any CPU
		{82539B51-6BB5-4C04-B37D-4FA850E397CF}.Signed|Any CPU.Build.0 = ReleaseNet40|Any CPU
		{82539B51-6BB5-4C04-B37D-4FA850E397CF}.Signed|Mixed Platforms.ActiveCfg = ReleaseNet40|Any CPU
		{82539B51-6BB5-4C04-B37D-4FA850E397CF}.Signed|Mixed Platforms.Build.0 = ReleaseNet40|Any CPU
		{82539B51-6BB5-4C04-B37D-4FA850E397CF}.Signed|x86.ActiveCfg = ReleaseNet40|Any CPU
		{82539B51-6BB5-4C04-B37D-4FA850E397CF}.SingleImage|Any CPU.ActiveCfg = ReleaseNet40|Any CPU
		{82539B51-6BB5-4C04-B37D-4FA850E397CF}.SingleImage|Any CPU.Build.0 = ReleaseNet40|Any CPU
		{82539B51-6BB5-4C04-B37D-4FA850E397CF}.SingleImage|Mixed Platforms.ActiveCfg = ReleaseNet40|Any CPU
		{82539B51-6BB5-4C04-B37D-4FA850E397CF}.SingleImage|Mixed Platforms.Build.0 = ReleaseNet40|Any CPU
		{82539B51-6BB5-4C04-B37D-4FA850E397CF}.SingleImage|x86.ActiveCfg = ReleaseNet40|Any CPU
		{82539B51-6BB5-4C04-B37D-4FA850E397CF}.Tools|Any CPU.ActiveCfg = ReleaseNet40|Any CPU
		{82539B51-6BB5-4C04-B37D-4FA850E397CF}.Tools|Any CPU.Build.0 = ReleaseNet40|Any CPU
		{82539B51-6BB5-4C04-B37D-4FA850E397CF}.Tools|Mixed Platforms.ActiveCfg = ReleaseNet40|Any CPU
		{82539B51-6BB5-4C04-B37D-4FA850E397CF}.Tools|Mixed Platforms.Build.0 = ReleaseNet40|Any CPU
		{82539B51-6BB5-4C04-B37D-4FA850E397CF}.Tools|x86.ActiveCfg = ReleaseNet40|Any CPU
		{9CFB422B-2995-4813-831C-2BDC013B68BF}.CD_ROM|Any CPU.ActiveCfg = Debug|Any CPU
		{9CFB422B-2995-4813-831C-2BDC013B68BF}.CD_ROM|Any CPU.Build.0 = Debug|Any CPU
		{9CFB422B-2995-4813-831C-2BDC013B68BF}.CD_ROM|Mixed Platforms.ActiveCfg = Release|Any CPU
		{9CFB422B-2995-4813-831C-2BDC013B68BF}.CD_ROM|Mixed Platforms.Build.0 = Release|Any CPU
		{9CFB422B-2995-4813-831C-2BDC013B68BF}.CD_ROM|x86.ActiveCfg = Release|Any CPU
		{9CFB422B-2995-4813-831C-2BDC013B68BF}.CodeCov|Any CPU.ActiveCfg = Release|Any CPU
		{9CFB422B-2995-4813-831C-2BDC013B68BF}.CodeCov|Any CPU.Build.0 = Release|Any CPU
		{9CFB422B-2995-4813-831C-2BDC013B68BF}.CodeCov|Mixed Platforms.ActiveCfg = Release|Any CPU
		{9CFB422B-2995-4813-831C-2BDC013B68BF}.CodeCov|Mixed Platforms.Build.0 = Release|Any CPU
		{9CFB422B-2995-4813-831C-2BDC013B68BF}.CodeCov|x86.ActiveCfg = Release|Any CPU
		{9CFB422B-2995-4813-831C-2BDC013B68BF}.Debug|Any CPU.ActiveCfg = Debug|Any CPU
		{9CFB422B-2995-4813-831C-2BDC013B68BF}.Debug|Any CPU.Build.0 = Debug|Any CPU
		{9CFB422B-2995-4813-831C-2BDC013B68BF}.Debug|Mixed Platforms.ActiveCfg = Debug|Any CPU
		{9CFB422B-2995-4813-831C-2BDC013B68BF}.Debug|Mixed Platforms.Build.0 = Debug|Any CPU
		{9CFB422B-2995-4813-831C-2BDC013B68BF}.Debug|x86.ActiveCfg = Debug|Any CPU
		{9CFB422B-2995-4813-831C-2BDC013B68BF}.DebugNet40|Any CPU.ActiveCfg = Debug|Any CPU
		{9CFB422B-2995-4813-831C-2BDC013B68BF}.DebugNet40|Any CPU.Build.0 = Debug|Any CPU
		{9CFB422B-2995-4813-831C-2BDC013B68BF}.DebugNet40|Mixed Platforms.ActiveCfg = Debug|Any CPU
		{9CFB422B-2995-4813-831C-2BDC013B68BF}.DebugNet40|Mixed Platforms.Build.0 = Debug|Any CPU
		{9CFB422B-2995-4813-831C-2BDC013B68BF}.DebugNet40|x86.ActiveCfg = Debug|Any CPU
		{9CFB422B-2995-4813-831C-2BDC013B68BF}.DVD-5|Any CPU.ActiveCfg = Debug|Any CPU
		{9CFB422B-2995-4813-831C-2BDC013B68BF}.DVD-5|Any CPU.Build.0 = Debug|Any CPU
		{9CFB422B-2995-4813-831C-2BDC013B68BF}.DVD-5|Mixed Platforms.ActiveCfg = Debug|Any CPU
		{9CFB422B-2995-4813-831C-2BDC013B68BF}.DVD-5|Mixed Platforms.Build.0 = Debug|Any CPU
		{9CFB422B-2995-4813-831C-2BDC013B68BF}.DVD-5|x86.ActiveCfg = Debug|Any CPU
		{9CFB422B-2995-4813-831C-2BDC013B68BF}.MyGet|Any CPU.ActiveCfg = Release|Any CPU
		{9CFB422B-2995-4813-831C-2BDC013B68BF}.MyGet|Any CPU.Build.0 = Release|Any CPU
		{9CFB422B-2995-4813-831C-2BDC013B68BF}.MyGet|Mixed Platforms.ActiveCfg = Release|Any CPU
		{9CFB422B-2995-4813-831C-2BDC013B68BF}.MyGet|Mixed Platforms.Build.0 = Release|Any CPU
		{9CFB422B-2995-4813-831C-2BDC013B68BF}.MyGet|x86.ActiveCfg = Release|Any CPU
		{9CFB422B-2995-4813-831C-2BDC013B68BF}.MyGet40|Any CPU.ActiveCfg = Release|Any CPU
		{9CFB422B-2995-4813-831C-2BDC013B68BF}.MyGet40|Any CPU.Build.0 = Release|Any CPU
		{9CFB422B-2995-4813-831C-2BDC013B68BF}.MyGet40|Mixed Platforms.ActiveCfg = Release|Any CPU
		{9CFB422B-2995-4813-831C-2BDC013B68BF}.MyGet40|Mixed Platforms.Build.0 = Release|Any CPU
		{9CFB422B-2995-4813-831C-2BDC013B68BF}.MyGet40|x86.ActiveCfg = Release|Any CPU
		{9CFB422B-2995-4813-831C-2BDC013B68BF}.Release|Any CPU.ActiveCfg = Release|Any CPU
		{9CFB422B-2995-4813-831C-2BDC013B68BF}.Release|Any CPU.Build.0 = Release|Any CPU
		{9CFB422B-2995-4813-831C-2BDC013B68BF}.Release|Mixed Platforms.ActiveCfg = Release|Any CPU
		{9CFB422B-2995-4813-831C-2BDC013B68BF}.Release|Mixed Platforms.Build.0 = Release|Any CPU
		{9CFB422B-2995-4813-831C-2BDC013B68BF}.Release|x86.ActiveCfg = Release|Any CPU
		{9CFB422B-2995-4813-831C-2BDC013B68BF}.ReleaseNet40|Any CPU.ActiveCfg = Release|Any CPU
		{9CFB422B-2995-4813-831C-2BDC013B68BF}.ReleaseNet40|Any CPU.Build.0 = Release|Any CPU
		{9CFB422B-2995-4813-831C-2BDC013B68BF}.ReleaseNet40|Mixed Platforms.ActiveCfg = Release|Any CPU
		{9CFB422B-2995-4813-831C-2BDC013B68BF}.ReleaseNet40|Mixed Platforms.Build.0 = Release|Any CPU
		{9CFB422B-2995-4813-831C-2BDC013B68BF}.ReleaseNet40|x86.ActiveCfg = Release|Any CPU
		{9CFB422B-2995-4813-831C-2BDC013B68BF}.Signed|Any CPU.ActiveCfg = Release|Any CPU
		{9CFB422B-2995-4813-831C-2BDC013B68BF}.Signed|Any CPU.Build.0 = Release|Any CPU
		{9CFB422B-2995-4813-831C-2BDC013B68BF}.Signed|Mixed Platforms.ActiveCfg = Release|Any CPU
		{9CFB422B-2995-4813-831C-2BDC013B68BF}.Signed|Mixed Platforms.Build.0 = Release|Any CPU
		{9CFB422B-2995-4813-831C-2BDC013B68BF}.Signed|x86.ActiveCfg = Release|Any CPU
		{9CFB422B-2995-4813-831C-2BDC013B68BF}.SingleImage|Any CPU.ActiveCfg = Debug|Any CPU
		{9CFB422B-2995-4813-831C-2BDC013B68BF}.SingleImage|Any CPU.Build.0 = Debug|Any CPU
		{9CFB422B-2995-4813-831C-2BDC013B68BF}.SingleImage|Mixed Platforms.ActiveCfg = Release|Any CPU
		{9CFB422B-2995-4813-831C-2BDC013B68BF}.SingleImage|Mixed Platforms.Build.0 = Release|Any CPU
		{9CFB422B-2995-4813-831C-2BDC013B68BF}.SingleImage|x86.ActiveCfg = Release|Any CPU
		{9CFB422B-2995-4813-831C-2BDC013B68BF}.Tools|Any CPU.ActiveCfg = Release|Any CPU
		{9CFB422B-2995-4813-831C-2BDC013B68BF}.Tools|Any CPU.Build.0 = Release|Any CPU
		{9CFB422B-2995-4813-831C-2BDC013B68BF}.Tools|Mixed Platforms.ActiveCfg = Release|Any CPU
		{9CFB422B-2995-4813-831C-2BDC013B68BF}.Tools|Mixed Platforms.Build.0 = Release|Any CPU
		{9CFB422B-2995-4813-831C-2BDC013B68BF}.Tools|x86.ActiveCfg = Release|Any CPU
		{72137DB5-8A91-4FF8-A292-5F6E73A66CD6}.CD_ROM|Any CPU.ActiveCfg = CodeCov|Any CPU
		{72137DB5-8A91-4FF8-A292-5F6E73A66CD6}.CD_ROM|Any CPU.Build.0 = CodeCov|Any CPU
		{72137DB5-8A91-4FF8-A292-5F6E73A66CD6}.CD_ROM|Mixed Platforms.ActiveCfg = CodeCov|Any CPU
		{72137DB5-8A91-4FF8-A292-5F6E73A66CD6}.CD_ROM|Mixed Platforms.Build.0 = CodeCov|Any CPU
		{72137DB5-8A91-4FF8-A292-5F6E73A66CD6}.CD_ROM|x86.ActiveCfg = CodeCov|Any CPU
		{72137DB5-8A91-4FF8-A292-5F6E73A66CD6}.CodeCov|Any CPU.ActiveCfg = CodeCov|Any CPU
		{72137DB5-8A91-4FF8-A292-5F6E73A66CD6}.CodeCov|Any CPU.Build.0 = CodeCov|Any CPU
		{72137DB5-8A91-4FF8-A292-5F6E73A66CD6}.CodeCov|Mixed Platforms.ActiveCfg = CodeCov|Any CPU
		{72137DB5-8A91-4FF8-A292-5F6E73A66CD6}.CodeCov|Mixed Platforms.Build.0 = CodeCov|Any CPU
		{72137DB5-8A91-4FF8-A292-5F6E73A66CD6}.CodeCov|x86.ActiveCfg = CodeCov|Any CPU
		{72137DB5-8A91-4FF8-A292-5F6E73A66CD6}.Debug|Any CPU.ActiveCfg = Debug|Any CPU
		{72137DB5-8A91-4FF8-A292-5F6E73A66CD6}.Debug|Any CPU.Build.0 = Debug|Any CPU
		{72137DB5-8A91-4FF8-A292-5F6E73A66CD6}.Debug|Mixed Platforms.ActiveCfg = Debug|Any CPU
		{72137DB5-8A91-4FF8-A292-5F6E73A66CD6}.Debug|Mixed Platforms.Build.0 = Debug|Any CPU
		{72137DB5-8A91-4FF8-A292-5F6E73A66CD6}.Debug|x86.ActiveCfg = Debug|Any CPU
		{72137DB5-8A91-4FF8-A292-5F6E73A66CD6}.DebugNet40|Any CPU.ActiveCfg = DebugNet40|Any CPU
		{72137DB5-8A91-4FF8-A292-5F6E73A66CD6}.DebugNet40|Any CPU.Build.0 = DebugNet40|Any CPU
		{72137DB5-8A91-4FF8-A292-5F6E73A66CD6}.DebugNet40|Mixed Platforms.ActiveCfg = DebugNet40|Any CPU
		{72137DB5-8A91-4FF8-A292-5F6E73A66CD6}.DebugNet40|Mixed Platforms.Build.0 = DebugNet40|Any CPU
		{72137DB5-8A91-4FF8-A292-5F6E73A66CD6}.DebugNet40|x86.ActiveCfg = DebugNet40|Any CPU
		{72137DB5-8A91-4FF8-A292-5F6E73A66CD6}.DVD-5|Any CPU.ActiveCfg = Debug|Any CPU
		{72137DB5-8A91-4FF8-A292-5F6E73A66CD6}.DVD-5|Any CPU.Build.0 = Debug|Any CPU
		{72137DB5-8A91-4FF8-A292-5F6E73A66CD6}.DVD-5|Mixed Platforms.ActiveCfg = DebugNet40|Any CPU
		{72137DB5-8A91-4FF8-A292-5F6E73A66CD6}.DVD-5|Mixed Platforms.Build.0 = DebugNet40|Any CPU
		{72137DB5-8A91-4FF8-A292-5F6E73A66CD6}.DVD-5|x86.ActiveCfg = DebugNet40|Any CPU
		{72137DB5-8A91-4FF8-A292-5F6E73A66CD6}.MyGet|Any CPU.ActiveCfg = MyGet|Any CPU
		{72137DB5-8A91-4FF8-A292-5F6E73A66CD6}.MyGet|Any CPU.Build.0 = MyGet|Any CPU
		{72137DB5-8A91-4FF8-A292-5F6E73A66CD6}.MyGet|Mixed Platforms.ActiveCfg = MyGet|Any CPU
		{72137DB5-8A91-4FF8-A292-5F6E73A66CD6}.MyGet|Mixed Platforms.Build.0 = MyGet|Any CPU
		{72137DB5-8A91-4FF8-A292-5F6E73A66CD6}.MyGet|x86.ActiveCfg = MyGet|Any CPU
		{72137DB5-8A91-4FF8-A292-5F6E73A66CD6}.MyGet40|Any CPU.ActiveCfg = MyGet40|Any CPU
		{72137DB5-8A91-4FF8-A292-5F6E73A66CD6}.MyGet40|Any CPU.Build.0 = MyGet40|Any CPU
		{72137DB5-8A91-4FF8-A292-5F6E73A66CD6}.MyGet40|Mixed Platforms.ActiveCfg = MyGet40|Any CPU
		{72137DB5-8A91-4FF8-A292-5F6E73A66CD6}.MyGet40|Mixed Platforms.Build.0 = MyGet40|Any CPU
		{72137DB5-8A91-4FF8-A292-5F6E73A66CD6}.MyGet40|x86.ActiveCfg = MyGet40|Any CPU
		{72137DB5-8A91-4FF8-A292-5F6E73A66CD6}.Release|Any CPU.ActiveCfg = Release|Any CPU
		{72137DB5-8A91-4FF8-A292-5F6E73A66CD6}.Release|Any CPU.Build.0 = Release|Any CPU
		{72137DB5-8A91-4FF8-A292-5F6E73A66CD6}.Release|Mixed Platforms.ActiveCfg = Release|Any CPU
		{72137DB5-8A91-4FF8-A292-5F6E73A66CD6}.Release|Mixed Platforms.Build.0 = Release|Any CPU
		{72137DB5-8A91-4FF8-A292-5F6E73A66CD6}.Release|x86.ActiveCfg = Release|Any CPU
		{72137DB5-8A91-4FF8-A292-5F6E73A66CD6}.ReleaseNet40|Any CPU.ActiveCfg = ReleaseNet40|Any CPU
		{72137DB5-8A91-4FF8-A292-5F6E73A66CD6}.ReleaseNet40|Any CPU.Build.0 = ReleaseNet40|Any CPU
		{72137DB5-8A91-4FF8-A292-5F6E73A66CD6}.ReleaseNet40|Mixed Platforms.ActiveCfg = ReleaseNet40|Any CPU
		{72137DB5-8A91-4FF8-A292-5F6E73A66CD6}.ReleaseNet40|Mixed Platforms.Build.0 = ReleaseNet40|Any CPU
		{72137DB5-8A91-4FF8-A292-5F6E73A66CD6}.ReleaseNet40|x86.ActiveCfg = ReleaseNet40|Any CPU
		{72137DB5-8A91-4FF8-A292-5F6E73A66CD6}.Signed|Any CPU.ActiveCfg = CodeCov|Any CPU
		{72137DB5-8A91-4FF8-A292-5F6E73A66CD6}.Signed|Any CPU.Build.0 = CodeCov|Any CPU
		{72137DB5-8A91-4FF8-A292-5F6E73A66CD6}.Signed|Mixed Platforms.ActiveCfg = ReleaseNet40|Any CPU
		{72137DB5-8A91-4FF8-A292-5F6E73A66CD6}.Signed|Mixed Platforms.Build.0 = ReleaseNet40|Any CPU
		{72137DB5-8A91-4FF8-A292-5F6E73A66CD6}.Signed|x86.ActiveCfg = ReleaseNet40|Any CPU
		{72137DB5-8A91-4FF8-A292-5F6E73A66CD6}.SingleImage|Any CPU.ActiveCfg = CodeCov|Any CPU
		{72137DB5-8A91-4FF8-A292-5F6E73A66CD6}.SingleImage|Any CPU.Build.0 = CodeCov|Any CPU
		{72137DB5-8A91-4FF8-A292-5F6E73A66CD6}.SingleImage|Mixed Platforms.ActiveCfg = ReleaseNet40|Any CPU
		{72137DB5-8A91-4FF8-A292-5F6E73A66CD6}.SingleImage|Mixed Platforms.Build.0 = ReleaseNet40|Any CPU
		{72137DB5-8A91-4FF8-A292-5F6E73A66CD6}.SingleImage|x86.ActiveCfg = ReleaseNet40|Any CPU
		{72137DB5-8A91-4FF8-A292-5F6E73A66CD6}.Tools|Any CPU.ActiveCfg = ReleaseNet40|Any CPU
		{72137DB5-8A91-4FF8-A292-5F6E73A66CD6}.Tools|Any CPU.Build.0 = ReleaseNet40|Any CPU
		{72137DB5-8A91-4FF8-A292-5F6E73A66CD6}.Tools|Mixed Platforms.ActiveCfg = ReleaseNet40|Any CPU
		{72137DB5-8A91-4FF8-A292-5F6E73A66CD6}.Tools|Mixed Platforms.Build.0 = ReleaseNet40|Any CPU
		{72137DB5-8A91-4FF8-A292-5F6E73A66CD6}.Tools|x86.ActiveCfg = ReleaseNet40|Any CPU
		{241182CD-BD33-496C-B7E9-2EFFDBF666E3}.CD_ROM|Any CPU.ActiveCfg = Release|x86
		{241182CD-BD33-496C-B7E9-2EFFDBF666E3}.CD_ROM|Mixed Platforms.ActiveCfg = Release|x86
		{241182CD-BD33-496C-B7E9-2EFFDBF666E3}.CD_ROM|Mixed Platforms.Build.0 = Release|x86
		{241182CD-BD33-496C-B7E9-2EFFDBF666E3}.CD_ROM|x86.ActiveCfg = Release|x86
		{241182CD-BD33-496C-B7E9-2EFFDBF666E3}.CD_ROM|x86.Build.0 = Release|x86
		{241182CD-BD33-496C-B7E9-2EFFDBF666E3}.CodeCov|Any CPU.ActiveCfg = Release|x86
		{241182CD-BD33-496C-B7E9-2EFFDBF666E3}.CodeCov|Mixed Platforms.ActiveCfg = Release|x86
		{241182CD-BD33-496C-B7E9-2EFFDBF666E3}.CodeCov|Mixed Platforms.Build.0 = Release|x86
		{241182CD-BD33-496C-B7E9-2EFFDBF666E3}.CodeCov|x86.ActiveCfg = Release|x86
		{241182CD-BD33-496C-B7E9-2EFFDBF666E3}.CodeCov|x86.Build.0 = Release|x86
		{241182CD-BD33-496C-B7E9-2EFFDBF666E3}.Debug|Any CPU.ActiveCfg = Debug|x86
		{241182CD-BD33-496C-B7E9-2EFFDBF666E3}.Debug|Mixed Platforms.ActiveCfg = Debug|x86
		{241182CD-BD33-496C-B7E9-2EFFDBF666E3}.Debug|Mixed Platforms.Build.0 = Debug|x86
		{241182CD-BD33-496C-B7E9-2EFFDBF666E3}.Debug|x86.ActiveCfg = Debug|x86
		{241182CD-BD33-496C-B7E9-2EFFDBF666E3}.Debug|x86.Build.0 = Debug|x86
		{241182CD-BD33-496C-B7E9-2EFFDBF666E3}.DebugNet40|Any CPU.ActiveCfg = Debug|x86
		{241182CD-BD33-496C-B7E9-2EFFDBF666E3}.DebugNet40|Mixed Platforms.ActiveCfg = Debug|x86
		{241182CD-BD33-496C-B7E9-2EFFDBF666E3}.DebugNet40|Mixed Platforms.Build.0 = Debug|x86
		{241182CD-BD33-496C-B7E9-2EFFDBF666E3}.DebugNet40|x86.ActiveCfg = Debug|x86
		{241182CD-BD33-496C-B7E9-2EFFDBF666E3}.DebugNet40|x86.Build.0 = Debug|x86
		{241182CD-BD33-496C-B7E9-2EFFDBF666E3}.DVD-5|Any CPU.ActiveCfg = Debug|x86
		{241182CD-BD33-496C-B7E9-2EFFDBF666E3}.DVD-5|Mixed Platforms.ActiveCfg = Debug|x86
		{241182CD-BD33-496C-B7E9-2EFFDBF666E3}.DVD-5|Mixed Platforms.Build.0 = Debug|x86
		{241182CD-BD33-496C-B7E9-2EFFDBF666E3}.DVD-5|x86.ActiveCfg = Debug|x86
		{241182CD-BD33-496C-B7E9-2EFFDBF666E3}.DVD-5|x86.Build.0 = Debug|x86
		{241182CD-BD33-496C-B7E9-2EFFDBF666E3}.MyGet|Any CPU.ActiveCfg = Release|x86
		{241182CD-BD33-496C-B7E9-2EFFDBF666E3}.MyGet|Mixed Platforms.ActiveCfg = Release|x86
		{241182CD-BD33-496C-B7E9-2EFFDBF666E3}.MyGet|Mixed Platforms.Build.0 = Release|x86
		{241182CD-BD33-496C-B7E9-2EFFDBF666E3}.MyGet|x86.ActiveCfg = Release|x86
		{241182CD-BD33-496C-B7E9-2EFFDBF666E3}.MyGet|x86.Build.0 = Release|x86
		{241182CD-BD33-496C-B7E9-2EFFDBF666E3}.MyGet40|Any CPU.ActiveCfg = Release|x86
		{241182CD-BD33-496C-B7E9-2EFFDBF666E3}.MyGet40|Mixed Platforms.ActiveCfg = Release|x86
		{241182CD-BD33-496C-B7E9-2EFFDBF666E3}.MyGet40|Mixed Platforms.Build.0 = Release|x86
		{241182CD-BD33-496C-B7E9-2EFFDBF666E3}.MyGet40|x86.ActiveCfg = Release|x86
		{241182CD-BD33-496C-B7E9-2EFFDBF666E3}.MyGet40|x86.Build.0 = Release|x86
		{241182CD-BD33-496C-B7E9-2EFFDBF666E3}.Release|Any CPU.ActiveCfg = Release|x86
		{241182CD-BD33-496C-B7E9-2EFFDBF666E3}.Release|Mixed Platforms.ActiveCfg = Release|x86
		{241182CD-BD33-496C-B7E9-2EFFDBF666E3}.Release|Mixed Platforms.Build.0 = Release|x86
		{241182CD-BD33-496C-B7E9-2EFFDBF666E3}.Release|x86.ActiveCfg = Release|x86
		{241182CD-BD33-496C-B7E9-2EFFDBF666E3}.Release|x86.Build.0 = Release|x86
		{241182CD-BD33-496C-B7E9-2EFFDBF666E3}.ReleaseNet40|Any CPU.ActiveCfg = Release|x86
		{241182CD-BD33-496C-B7E9-2EFFDBF666E3}.ReleaseNet40|Mixed Platforms.ActiveCfg = Release|x86
		{241182CD-BD33-496C-B7E9-2EFFDBF666E3}.ReleaseNet40|Mixed Platforms.Build.0 = Release|x86
		{241182CD-BD33-496C-B7E9-2EFFDBF666E3}.ReleaseNet40|x86.ActiveCfg = Release|x86
		{241182CD-BD33-496C-B7E9-2EFFDBF666E3}.ReleaseNet40|x86.Build.0 = Release|x86
		{241182CD-BD33-496C-B7E9-2EFFDBF666E3}.Signed|Any CPU.ActiveCfg = Release|x86
		{241182CD-BD33-496C-B7E9-2EFFDBF666E3}.Signed|Mixed Platforms.ActiveCfg = Release|x86
		{241182CD-BD33-496C-B7E9-2EFFDBF666E3}.Signed|Mixed Platforms.Build.0 = Release|x86
		{241182CD-BD33-496C-B7E9-2EFFDBF666E3}.Signed|x86.ActiveCfg = Release|x86
		{241182CD-BD33-496C-B7E9-2EFFDBF666E3}.Signed|x86.Build.0 = Release|x86
		{241182CD-BD33-496C-B7E9-2EFFDBF666E3}.SingleImage|Any CPU.ActiveCfg = Release|x86
		{241182CD-BD33-496C-B7E9-2EFFDBF666E3}.SingleImage|Mixed Platforms.ActiveCfg = Release|x86
		{241182CD-BD33-496C-B7E9-2EFFDBF666E3}.SingleImage|Mixed Platforms.Build.0 = Release|x86
		{241182CD-BD33-496C-B7E9-2EFFDBF666E3}.SingleImage|x86.ActiveCfg = Release|x86
		{241182CD-BD33-496C-B7E9-2EFFDBF666E3}.SingleImage|x86.Build.0 = Release|x86
		{241182CD-BD33-496C-B7E9-2EFFDBF666E3}.Tools|Any CPU.ActiveCfg = Release|x86
		{241182CD-BD33-496C-B7E9-2EFFDBF666E3}.Tools|Mixed Platforms.ActiveCfg = Release|x86
		{241182CD-BD33-496C-B7E9-2EFFDBF666E3}.Tools|Mixed Platforms.Build.0 = Release|x86
		{241182CD-BD33-496C-B7E9-2EFFDBF666E3}.Tools|x86.ActiveCfg = Release|x86
		{241182CD-BD33-496C-B7E9-2EFFDBF666E3}.Tools|x86.Build.0 = Release|x86
	EndGlobalSection
	GlobalSection(SolutionProperties) = preSolution
		HideSolutionNode = FALSE
	EndGlobalSection
EndGlobal
