
Microsoft Visual Studio Solution File, Format Version 12.00
# Visual Studio 2013
VisualStudioVersion = 12.0.21005.1
MinimumVisualStudioVersion = 10.0.40219.1
Project("{FAE04EC0-301F-11D3-BF4B-00C04F79EFBC}") = "OpenRiaServices.VisualStudio.Installer", "OpenRiaServices.VisualStudio.Installer\OpenRiaServices.VisualStudio.Installer.csproj", "{DFD7622B-7F9A-42B7-9460-7078D34BCDE8}"
EndProject
Project("{FAE04EC0-301F-11D3-BF4B-00C04F79EFBC}") = "OpenRiaServices.DomainServices.Hosting", "..\OpenRiaServices.DomainServices.Hosting\Framework\OpenRiaServices.DomainServices.Hosting.csproj", "{E3844512-48A8-451A-9BE4-AC7793016B9D}"
EndProject
Project("{FAE04EC0-301F-11D3-BF4B-00C04F79EFBC}") = "OpenRiaServices.DomainServices.Server", "..\OpenRiaServices.DomainServices.Server\Framework\OpenRiaServices.DomainServices.Server.csproj", "{72E74082-7928-4A70-83C1-49806B942FCB}"
EndProject
Project("{FAE04EC0-301F-11D3-BF4B-00C04F79EFBC}") = "OpenDomainService", "OpenDomainService\OpenDomainService.csproj", "{B242576A-0D48-49D9-B5EF-A3D6B843E05E}"
EndProject
Project("{FAE04EC0-301F-11D3-BF4B-00C04F79EFBC}") = "OpenRiaServices.VisualStudio.DomainServices.Tools", "..\OpenRiaServices.VisualStudio.DomainServices.Tools\Framework\OpenRiaServices.VisualStudio.DomainServices.Tools.csproj", "{E7D958FE-3D14-4EAD-B810-10471757CC4F}"
EndProject
Project("{FAE04EC0-301F-11D3-BF4B-00C04F79EFBC}") = "OpenRiaServices.DomainServices.Hosting.OData", "..\OpenRiaServices.DomainServices.Hosting.OData\Framework\OpenRiaServices.DomainServices.Hosting.OData.csproj", "{82539B51-6BB5-4C04-B37D-4FA850E397CF}"
EndProject
Project("{FAE04EC0-301F-11D3-BF4B-00C04F79EFBC}") = "OpenRiaServices.DomainServices.EntityFramework.ObjectContext", "..\OpenRiaServices.DomainServices.EntityFramework.ObjectContext\Framework\OpenRiaServices.DomainServices.EntityFramework.ObjectContext.csproj", "{20790A5F-1DD7-4D1C-8303-C34256E12C68}"
EndProject
Project("{FAE04EC0-301F-11D3-BF4B-00C04F79EFBC}") = "OpenRiaServices.VisualStudio.Interface", "..\OpenRiaServices.VisualStudio.Interface\OpenRiaServices.VisualStudio.Interface.csproj", "{9CFB422B-2995-4813-831C-2BDC013B68BF}"
EndProject
Project("{FAE04EC0-301F-11D3-BF4B-00C04F79EFBC}") = "OpenRiaServices.DomainServices.EntityFramework", "..\OpenRiaServices.DomainServices.EntityFramework\Framework\OpenRiaServices.DomainServices.EntityFramework.csproj", "{72137DB5-8A91-4FF8-A292-5F6E73A66CD6}"
EndProject
Global
	GlobalSection(SolutionConfigurationPlatforms) = preSolution
		CD_ROM|Any CPU = CD_ROM|Any CPU
		CodeCov|Any CPU = CodeCov|Any CPU
		Debug|Any CPU = Debug|Any CPU
		DebugNet40|Any CPU = DebugNet40|Any CPU
		DVD-5|Any CPU = DVD-5|Any CPU
		MyGet|Any CPU = MyGet|Any CPU
		MyGet40|Any CPU = MyGet40|Any CPU
		Release|Any CPU = Release|Any CPU
		ReleaseNet40|Any CPU = ReleaseNet40|Any CPU
		Signed|Any CPU = Signed|Any CPU
		SingleImage|Any CPU = SingleImage|Any CPU
	EndGlobalSection
	GlobalSection(ProjectConfigurationPlatforms) = postSolution
		{DFD7622B-7F9A-42B7-9460-7078D34BCDE8}.CD_ROM|Any CPU.ActiveCfg = Tools|Any CPU
		{DFD7622B-7F9A-42B7-9460-7078D34BCDE8}.CD_ROM|Any CPU.Build.0 = Tools|Any CPU
		{DFD7622B-7F9A-42B7-9460-7078D34BCDE8}.CodeCov|Any CPU.ActiveCfg = Release|Any CPU
		{DFD7622B-7F9A-42B7-9460-7078D34BCDE8}.CodeCov|Any CPU.Build.0 = Release|Any CPU
		{DFD7622B-7F9A-42B7-9460-7078D34BCDE8}.Debug|Any CPU.ActiveCfg = Debug|Any CPU
		{DFD7622B-7F9A-42B7-9460-7078D34BCDE8}.Debug|Any CPU.Build.0 = Debug|Any CPU
		{DFD7622B-7F9A-42B7-9460-7078D34BCDE8}.DebugNet40|Any CPU.ActiveCfg = Debug|Any CPU
		{DFD7622B-7F9A-42B7-9460-7078D34BCDE8}.DebugNet40|Any CPU.Build.0 = Debug|Any CPU
		{DFD7622B-7F9A-42B7-9460-7078D34BCDE8}.DVD-5|Any CPU.ActiveCfg = Debug|Any CPU
		{DFD7622B-7F9A-42B7-9460-7078D34BCDE8}.DVD-5|Any CPU.Build.0 = Debug|Any CPU
		{DFD7622B-7F9A-42B7-9460-7078D34BCDE8}.MyGet|Any CPU.ActiveCfg = Release|Any CPU
		{DFD7622B-7F9A-42B7-9460-7078D34BCDE8}.MyGet|Any CPU.Build.0 = Release|Any CPU
		{DFD7622B-7F9A-42B7-9460-7078D34BCDE8}.MyGet40|Any CPU.ActiveCfg = Release|Any CPU
		{DFD7622B-7F9A-42B7-9460-7078D34BCDE8}.MyGet40|Any CPU.Build.0 = Release|Any CPU
		{DFD7622B-7F9A-42B7-9460-7078D34BCDE8}.Release|Any CPU.ActiveCfg = Release|Any CPU
		{DFD7622B-7F9A-42B7-9460-7078D34BCDE8}.Release|Any CPU.Build.0 = Release|Any CPU
		{DFD7622B-7F9A-42B7-9460-7078D34BCDE8}.ReleaseNet40|Any CPU.ActiveCfg = Release|Any CPU
		{DFD7622B-7F9A-42B7-9460-7078D34BCDE8}.ReleaseNet40|Any CPU.Build.0 = Release|Any CPU
		{DFD7622B-7F9A-42B7-9460-7078D34BCDE8}.Signed|Any CPU.ActiveCfg = Signed|Any CPU
		{DFD7622B-7F9A-42B7-9460-7078D34BCDE8}.Signed|Any CPU.Build.0 = Signed|Any CPU
		{DFD7622B-7F9A-42B7-9460-7078D34BCDE8}.SingleImage|Any CPU.ActiveCfg = Signed|Any CPU
		{DFD7622B-7F9A-42B7-9460-7078D34BCDE8}.SingleImage|Any CPU.Build.0 = Signed|Any CPU
		{E3844512-48A8-451A-9BE4-AC7793016B9D}.CD_ROM|Any CPU.ActiveCfg = CodeCov|Any CPU
		{E3844512-48A8-451A-9BE4-AC7793016B9D}.CD_ROM|Any CPU.Build.0 = CodeCov|Any CPU
		{E3844512-48A8-451A-9BE4-AC7793016B9D}.CodeCov|Any CPU.ActiveCfg = CodeCov|Any CPU
		{E3844512-48A8-451A-9BE4-AC7793016B9D}.CodeCov|Any CPU.Build.0 = CodeCov|Any CPU
		{E3844512-48A8-451A-9BE4-AC7793016B9D}.Debug|Any CPU.ActiveCfg = Debug|Any CPU
		{E3844512-48A8-451A-9BE4-AC7793016B9D}.Debug|Any CPU.Build.0 = Debug|Any CPU
		{E3844512-48A8-451A-9BE4-AC7793016B9D}.DebugNet40|Any CPU.ActiveCfg = DebugNet40|Any CPU
		{E3844512-48A8-451A-9BE4-AC7793016B9D}.DebugNet40|Any CPU.Build.0 = DebugNet40|Any CPU
		{E3844512-48A8-451A-9BE4-AC7793016B9D}.DVD-5|Any CPU.ActiveCfg = DebugNet40|Any CPU
		{E3844512-48A8-451A-9BE4-AC7793016B9D}.DVD-5|Any CPU.Build.0 = DebugNet40|Any CPU
		{E3844512-48A8-451A-9BE4-AC7793016B9D}.MyGet|Any CPU.ActiveCfg = MyGet|Any CPU
		{E3844512-48A8-451A-9BE4-AC7793016B9D}.MyGet|Any CPU.Build.0 = MyGet|Any CPU
		{E3844512-48A8-451A-9BE4-AC7793016B9D}.MyGet40|Any CPU.ActiveCfg = MyGet40|Any CPU
		{E3844512-48A8-451A-9BE4-AC7793016B9D}.MyGet40|Any CPU.Build.0 = MyGet40|Any CPU
		{E3844512-48A8-451A-9BE4-AC7793016B9D}.Release|Any CPU.ActiveCfg = Release|Any CPU
		{E3844512-48A8-451A-9BE4-AC7793016B9D}.Release|Any CPU.Build.0 = Release|Any CPU
		{E3844512-48A8-451A-9BE4-AC7793016B9D}.ReleaseNet40|Any CPU.ActiveCfg = ReleaseNet40|Any CPU
		{E3844512-48A8-451A-9BE4-AC7793016B9D}.ReleaseNet40|Any CPU.Build.0 = ReleaseNet40|Any CPU
		{E3844512-48A8-451A-9BE4-AC7793016B9D}.Signed|Any CPU.ActiveCfg = ReleaseNet40|Any CPU
		{E3844512-48A8-451A-9BE4-AC7793016B9D}.Signed|Any CPU.Build.0 = ReleaseNet40|Any CPU
		{E3844512-48A8-451A-9BE4-AC7793016B9D}.SingleImage|Any CPU.ActiveCfg = ReleaseNet40|Any CPU
		{E3844512-48A8-451A-9BE4-AC7793016B9D}.SingleImage|Any CPU.Build.0 = ReleaseNet40|Any CPU
		{72E74082-7928-4A70-83C1-49806B942FCB}.CD_ROM|Any CPU.ActiveCfg = CodeCov|Any CPU
		{72E74082-7928-4A70-83C1-49806B942FCB}.CD_ROM|Any CPU.Build.0 = CodeCov|Any CPU
		{72E74082-7928-4A70-83C1-49806B942FCB}.CodeCov|Any CPU.ActiveCfg = CodeCov|Any CPU
		{72E74082-7928-4A70-83C1-49806B942FCB}.CodeCov|Any CPU.Build.0 = CodeCov|Any CPU
		{72E74082-7928-4A70-83C1-49806B942FCB}.Debug|Any CPU.ActiveCfg = Debug|Any CPU
		{72E74082-7928-4A70-83C1-49806B942FCB}.Debug|Any CPU.Build.0 = Debug|Any CPU
		{72E74082-7928-4A70-83C1-49806B942FCB}.DebugNet40|Any CPU.ActiveCfg = DebugNet40|Any CPU
		{72E74082-7928-4A70-83C1-49806B942FCB}.DebugNet40|Any CPU.Build.0 = DebugNet40|Any CPU
		{72E74082-7928-4A70-83C1-49806B942FCB}.DVD-5|Any CPU.ActiveCfg = DebugNet40|Any CPU
		{72E74082-7928-4A70-83C1-49806B942FCB}.DVD-5|Any CPU.Build.0 = DebugNet40|Any CPU
		{72E74082-7928-4A70-83C1-49806B942FCB}.MyGet|Any CPU.ActiveCfg = MyGet|Any CPU
		{72E74082-7928-4A70-83C1-49806B942FCB}.MyGet|Any CPU.Build.0 = MyGet|Any CPU
		{72E74082-7928-4A70-83C1-49806B942FCB}.MyGet40|Any CPU.ActiveCfg = MyGet40|Any CPU
		{72E74082-7928-4A70-83C1-49806B942FCB}.MyGet40|Any CPU.Build.0 = MyGet40|Any CPU
		{72E74082-7928-4A70-83C1-49806B942FCB}.Release|Any CPU.ActiveCfg = Release|Any CPU
		{72E74082-7928-4A70-83C1-49806B942FCB}.Release|Any CPU.Build.0 = Release|Any CPU
		{72E74082-7928-4A70-83C1-49806B942FCB}.ReleaseNet40|Any CPU.ActiveCfg = ReleaseNet40|Any CPU
		{72E74082-7928-4A70-83C1-49806B942FCB}.ReleaseNet40|Any CPU.Build.0 = ReleaseNet40|Any CPU
		{72E74082-7928-4A70-83C1-49806B942FCB}.Signed|Any CPU.ActiveCfg = ReleaseNet40|Any CPU
		{72E74082-7928-4A70-83C1-49806B942FCB}.Signed|Any CPU.Build.0 = ReleaseNet40|Any CPU
		{72E74082-7928-4A70-83C1-49806B942FCB}.SingleImage|Any CPU.ActiveCfg = ReleaseNet40|Any CPU
		{72E74082-7928-4A70-83C1-49806B942FCB}.SingleImage|Any CPU.Build.0 = ReleaseNet40|Any CPU
		{B242576A-0D48-49D9-B5EF-A3D6B843E05E}.CD_ROM|Any CPU.ActiveCfg = Tools|Any CPU
		{B242576A-0D48-49D9-B5EF-A3D6B843E05E}.CD_ROM|Any CPU.Build.0 = Tools|Any CPU
		{B242576A-0D48-49D9-B5EF-A3D6B843E05E}.CodeCov|Any CPU.ActiveCfg = Release|Any CPU
		{B242576A-0D48-49D9-B5EF-A3D6B843E05E}.CodeCov|Any CPU.Build.0 = Release|Any CPU
		{B242576A-0D48-49D9-B5EF-A3D6B843E05E}.Debug|Any CPU.ActiveCfg = Debug|Any CPU
		{B242576A-0D48-49D9-B5EF-A3D6B843E05E}.Debug|Any CPU.Build.0 = Debug|Any CPU
		{B242576A-0D48-49D9-B5EF-A3D6B843E05E}.DebugNet40|Any CPU.ActiveCfg = Debug|Any CPU
		{B242576A-0D48-49D9-B5EF-A3D6B843E05E}.DebugNet40|Any CPU.Build.0 = Debug|Any CPU
		{B242576A-0D48-49D9-B5EF-A3D6B843E05E}.DVD-5|Any CPU.ActiveCfg = Debug|Any CPU
		{B242576A-0D48-49D9-B5EF-A3D6B843E05E}.DVD-5|Any CPU.Build.0 = Debug|Any CPU
		{B242576A-0D48-49D9-B5EF-A3D6B843E05E}.MyGet|Any CPU.ActiveCfg = Release|Any CPU
		{B242576A-0D48-49D9-B5EF-A3D6B843E05E}.MyGet|Any CPU.Build.0 = Release|Any CPU
		{B242576A-0D48-49D9-B5EF-A3D6B843E05E}.MyGet40|Any CPU.ActiveCfg = Release|Any CPU
		{B242576A-0D48-49D9-B5EF-A3D6B843E05E}.MyGet40|Any CPU.Build.0 = Release|Any CPU
		{B242576A-0D48-49D9-B5EF-A3D6B843E05E}.Release|Any CPU.ActiveCfg = Release|Any CPU
		{B242576A-0D48-49D9-B5EF-A3D6B843E05E}.Release|Any CPU.Build.0 = Release|Any CPU
		{B242576A-0D48-49D9-B5EF-A3D6B843E05E}.ReleaseNet40|Any CPU.ActiveCfg = Release|Any CPU
		{B242576A-0D48-49D9-B5EF-A3D6B843E05E}.ReleaseNet40|Any CPU.Build.0 = Release|Any CPU
		{B242576A-0D48-49D9-B5EF-A3D6B843E05E}.Signed|Any CPU.ActiveCfg = Signed|Any CPU
		{B242576A-0D48-49D9-B5EF-A3D6B843E05E}.Signed|Any CPU.Build.0 = Signed|Any CPU
		{B242576A-0D48-49D9-B5EF-A3D6B843E05E}.SingleImage|Any CPU.ActiveCfg = Signed|Any CPU
		{B242576A-0D48-49D9-B5EF-A3D6B843E05E}.SingleImage|Any CPU.Build.0 = Signed|Any CPU
		{E7D958FE-3D14-4EAD-B810-10471757CC4F}.CD_ROM|Any CPU.ActiveCfg = CodeCov|Any CPU
		{E7D958FE-3D14-4EAD-B810-10471757CC4F}.CD_ROM|Any CPU.Build.0 = CodeCov|Any CPU
		{E7D958FE-3D14-4EAD-B810-10471757CC4F}.CodeCov|Any CPU.ActiveCfg = CodeCov|Any CPU
		{E7D958FE-3D14-4EAD-B810-10471757CC4F}.CodeCov|Any CPU.Build.0 = CodeCov|Any CPU
		{E7D958FE-3D14-4EAD-B810-10471757CC4F}.Debug|Any CPU.ActiveCfg = Debug|Any CPU
		{E7D958FE-3D14-4EAD-B810-10471757CC4F}.Debug|Any CPU.Build.0 = Debug|Any CPU
		{E7D958FE-3D14-4EAD-B810-10471757CC4F}.DebugNet40|Any CPU.ActiveCfg = DebugNet40|Any CPU
		{E7D958FE-3D14-4EAD-B810-10471757CC4F}.DebugNet40|Any CPU.Build.0 = DebugNet40|Any CPU
		{E7D958FE-3D14-4EAD-B810-10471757CC4F}.DVD-5|Any CPU.ActiveCfg = DebugNet40|Any CPU
		{E7D958FE-3D14-4EAD-B810-10471757CC4F}.DVD-5|Any CPU.Build.0 = DebugNet40|Any CPU
		{E7D958FE-3D14-4EAD-B810-10471757CC4F}.MyGet|Any CPU.ActiveCfg = MyGet|Any CPU
		{E7D958FE-3D14-4EAD-B810-10471757CC4F}.MyGet|Any CPU.Build.0 = MyGet|Any CPU
		{E7D958FE-3D14-4EAD-B810-10471757CC4F}.MyGet40|Any CPU.ActiveCfg = MyGet40|Any CPU
		{E7D958FE-3D14-4EAD-B810-10471757CC4F}.MyGet40|Any CPU.Build.0 = MyGet40|Any CPU
		{E7D958FE-3D14-4EAD-B810-10471757CC4F}.Release|Any CPU.ActiveCfg = Release|Any CPU
		{E7D958FE-3D14-4EAD-B810-10471757CC4F}.Release|Any CPU.Build.0 = Release|Any CPU
		{E7D958FE-3D14-4EAD-B810-10471757CC4F}.ReleaseNet40|Any CPU.ActiveCfg = ReleaseNet40|Any CPU
		{E7D958FE-3D14-4EAD-B810-10471757CC4F}.ReleaseNet40|Any CPU.Build.0 = ReleaseNet40|Any CPU
		{E7D958FE-3D14-4EAD-B810-10471757CC4F}.Signed|Any CPU.ActiveCfg = ReleaseNet40|Any CPU
		{E7D958FE-3D14-4EAD-B810-10471757CC4F}.Signed|Any CPU.Build.0 = ReleaseNet40|Any CPU
		{E7D958FE-3D14-4EAD-B810-10471757CC4F}.SingleImage|Any CPU.ActiveCfg = ReleaseNet40|Any CPU
		{E7D958FE-3D14-4EAD-B810-10471757CC4F}.SingleImage|Any CPU.Build.0 = ReleaseNet40|Any CPU
		{82539B51-6BB5-4C04-B37D-4FA850E397CF}.CD_ROM|Any CPU.ActiveCfg = CodeCov|Any CPU
		{82539B51-6BB5-4C04-B37D-4FA850E397CF}.CD_ROM|Any CPU.Build.0 = CodeCov|Any CPU
		{82539B51-6BB5-4C04-B37D-4FA850E397CF}.CodeCov|Any CPU.ActiveCfg = CodeCov|Any CPU
		{82539B51-6BB5-4C04-B37D-4FA850E397CF}.CodeCov|Any CPU.Build.0 = CodeCov|Any CPU
		{82539B51-6BB5-4C04-B37D-4FA850E397CF}.Debug|Any CPU.ActiveCfg = Debug|Any CPU
		{82539B51-6BB5-4C04-B37D-4FA850E397CF}.Debug|Any CPU.Build.0 = Debug|Any CPU
		{82539B51-6BB5-4C04-B37D-4FA850E397CF}.DebugNet40|Any CPU.ActiveCfg = DebugNet40|Any CPU
		{82539B51-6BB5-4C04-B37D-4FA850E397CF}.DebugNet40|Any CPU.Build.0 = DebugNet40|Any CPU
		{82539B51-6BB5-4C04-B37D-4FA850E397CF}.DVD-5|Any CPU.ActiveCfg = DebugNet40|Any CPU
		{82539B51-6BB5-4C04-B37D-4FA850E397CF}.DVD-5|Any CPU.Build.0 = DebugNet40|Any CPU
		{82539B51-6BB5-4C04-B37D-4FA850E397CF}.MyGet|Any CPU.ActiveCfg = MyGet|Any CPU
		{82539B51-6BB5-4C04-B37D-4FA850E397CF}.MyGet|Any CPU.Build.0 = MyGet|Any CPU
		{82539B51-6BB5-4C04-B37D-4FA850E397CF}.MyGet40|Any CPU.ActiveCfg = MyGet40|Any CPU
		{82539B51-6BB5-4C04-B37D-4FA850E397CF}.MyGet40|Any CPU.Build.0 = MyGet40|Any CPU
		{82539B51-6BB5-4C04-B37D-4FA850E397CF}.Release|Any CPU.ActiveCfg = Release|Any CPU
		{82539B51-6BB5-4C04-B37D-4FA850E397CF}.Release|Any CPU.Build.0 = Release|Any CPU
		{82539B51-6BB5-4C04-B37D-4FA850E397CF}.ReleaseNet40|Any CPU.ActiveCfg = ReleaseNet40|Any CPU
		{82539B51-6BB5-4C04-B37D-4FA850E397CF}.ReleaseNet40|Any CPU.Build.0 = ReleaseNet40|Any CPU
		{82539B51-6BB5-4C04-B37D-4FA850E397CF}.Signed|Any CPU.ActiveCfg = ReleaseNet40|Any CPU
		{82539B51-6BB5-4C04-B37D-4FA850E397CF}.Signed|Any CPU.Build.0 = ReleaseNet40|Any CPU
		{82539B51-6BB5-4C04-B37D-4FA850E397CF}.SingleImage|Any CPU.ActiveCfg = ReleaseNet40|Any CPU
		{82539B51-6BB5-4C04-B37D-4FA850E397CF}.SingleImage|Any CPU.Build.0 = ReleaseNet40|Any CPU
		{20790A5F-1DD7-4D1C-8303-C34256E12C68}.CD_ROM|Any CPU.ActiveCfg = CodeCov|Any CPU
		{20790A5F-1DD7-4D1C-8303-C34256E12C68}.CD_ROM|Any CPU.Build.0 = CodeCov|Any CPU
		{20790A5F-1DD7-4D1C-8303-C34256E12C68}.CodeCov|Any CPU.ActiveCfg = CodeCov|Any CPU
		{20790A5F-1DD7-4D1C-8303-C34256E12C68}.CodeCov|Any CPU.Build.0 = CodeCov|Any CPU
		{20790A5F-1DD7-4D1C-8303-C34256E12C68}.Debug|Any CPU.ActiveCfg = Debug|Any CPU
		{20790A5F-1DD7-4D1C-8303-C34256E12C68}.Debug|Any CPU.Build.0 = Debug|Any CPU
		{20790A5F-1DD7-4D1C-8303-C34256E12C68}.DebugNet40|Any CPU.ActiveCfg = DebugNet40|Any CPU
		{20790A5F-1DD7-4D1C-8303-C34256E12C68}.DebugNet40|Any CPU.Build.0 = DebugNet40|Any CPU
		{20790A5F-1DD7-4D1C-8303-C34256E12C68}.DVD-5|Any CPU.ActiveCfg = DebugNet40|Any CPU
		{20790A5F-1DD7-4D1C-8303-C34256E12C68}.DVD-5|Any CPU.Build.0 = DebugNet40|Any CPU
		{20790A5F-1DD7-4D1C-8303-C34256E12C68}.MyGet|Any CPU.ActiveCfg = MyGet|Any CPU
		{20790A5F-1DD7-4D1C-8303-C34256E12C68}.MyGet|Any CPU.Build.0 = MyGet|Any CPU
		{20790A5F-1DD7-4D1C-8303-C34256E12C68}.MyGet40|Any CPU.ActiveCfg = MyGet40|Any CPU
		{20790A5F-1DD7-4D1C-8303-C34256E12C68}.MyGet40|Any CPU.Build.0 = MyGet40|Any CPU
		{20790A5F-1DD7-4D1C-8303-C34256E12C68}.Release|Any CPU.ActiveCfg = Release|Any CPU
		{20790A5F-1DD7-4D1C-8303-C34256E12C68}.Release|Any CPU.Build.0 = Release|Any CPU
		{20790A5F-1DD7-4D1C-8303-C34256E12C68}.ReleaseNet40|Any CPU.ActiveCfg = ReleaseNet40|Any CPU
		{20790A5F-1DD7-4D1C-8303-C34256E12C68}.ReleaseNet40|Any CPU.Build.0 = ReleaseNet40|Any CPU
		{20790A5F-1DD7-4D1C-8303-C34256E12C68}.Signed|Any CPU.ActiveCfg = ReleaseNet40|Any CPU
		{20790A5F-1DD7-4D1C-8303-C34256E12C68}.Signed|Any CPU.Build.0 = ReleaseNet40|Any CPU
		{20790A5F-1DD7-4D1C-8303-C34256E12C68}.SingleImage|Any CPU.ActiveCfg = ReleaseNet40|Any CPU
		{20790A5F-1DD7-4D1C-8303-C34256E12C68}.SingleImage|Any CPU.Build.0 = ReleaseNet40|Any CPU
		{9CFB422B-2995-4813-831C-2BDC013B68BF}.CD_ROM|Any CPU.ActiveCfg = Debug|Any CPU
		{9CFB422B-2995-4813-831C-2BDC013B68BF}.CD_ROM|Any CPU.Build.0 = Debug|Any CPU
		{9CFB422B-2995-4813-831C-2BDC013B68BF}.CodeCov|Any CPU.ActiveCfg = Release|Any CPU
		{9CFB422B-2995-4813-831C-2BDC013B68BF}.CodeCov|Any CPU.Build.0 = Release|Any CPU
		{9CFB422B-2995-4813-831C-2BDC013B68BF}.Debug|Any CPU.ActiveCfg = Debug|Any CPU
		{9CFB422B-2995-4813-831C-2BDC013B68BF}.Debug|Any CPU.Build.0 = Debug|Any CPU
		{9CFB422B-2995-4813-831C-2BDC013B68BF}.DebugNet40|Any CPU.ActiveCfg = Debug|Any CPU
		{9CFB422B-2995-4813-831C-2BDC013B68BF}.DebugNet40|Any CPU.Build.0 = Debug|Any CPU
		{9CFB422B-2995-4813-831C-2BDC013B68BF}.DVD-5|Any CPU.ActiveCfg = Debug|Any CPU
		{9CFB422B-2995-4813-831C-2BDC013B68BF}.DVD-5|Any CPU.Build.0 = Debug|Any CPU
		{9CFB422B-2995-4813-831C-2BDC013B68BF}.MyGet|Any CPU.ActiveCfg = Release|Any CPU
		{9CFB422B-2995-4813-831C-2BDC013B68BF}.MyGet|Any CPU.Build.0 = Release|Any CPU
		{9CFB422B-2995-4813-831C-2BDC013B68BF}.MyGet40|Any CPU.ActiveCfg = Release|Any CPU
		{9CFB422B-2995-4813-831C-2BDC013B68BF}.MyGet40|Any CPU.Build.0 = Release|Any CPU
		{9CFB422B-2995-4813-831C-2BDC013B68BF}.Release|Any CPU.ActiveCfg = Release|Any CPU
		{9CFB422B-2995-4813-831C-2BDC013B68BF}.Release|Any CPU.Build.0 = Release|Any CPU
		{9CFB422B-2995-4813-831C-2BDC013B68BF}.ReleaseNet40|Any CPU.ActiveCfg = Release|Any CPU
		{9CFB422B-2995-4813-831C-2BDC013B68BF}.ReleaseNet40|Any CPU.Build.0 = Release|Any CPU
		{9CFB422B-2995-4813-831C-2BDC013B68BF}.Signed|Any CPU.ActiveCfg = Release|Any CPU
		{9CFB422B-2995-4813-831C-2BDC013B68BF}.Signed|Any CPU.Build.0 = Release|Any CPU
		{9CFB422B-2995-4813-831C-2BDC013B68BF}.SingleImage|Any CPU.ActiveCfg = Debug|Any CPU
		{9CFB422B-2995-4813-831C-2BDC013B68BF}.SingleImage|Any CPU.Build.0 = Debug|Any CPU
		{72137DB5-8A91-4FF8-A292-5F6E73A66CD6}.CD_ROM|Any CPU.ActiveCfg = CodeCov|Any CPU
		{72137DB5-8A91-4FF8-A292-5F6E73A66CD6}.CD_ROM|Any CPU.Build.0 = CodeCov|Any CPU
		{72137DB5-8A91-4FF8-A292-5F6E73A66CD6}.CodeCov|Any CPU.ActiveCfg = CodeCov|Any CPU
		{72137DB5-8A91-4FF8-A292-5F6E73A66CD6}.CodeCov|Any CPU.Build.0 = CodeCov|Any CPU
		{72137DB5-8A91-4FF8-A292-5F6E73A66CD6}.Debug|Any CPU.ActiveCfg = Debug|Any CPU
		{72137DB5-8A91-4FF8-A292-5F6E73A66CD6}.Debug|Any CPU.Build.0 = Debug|Any CPU
		{72137DB5-8A91-4FF8-A292-5F6E73A66CD6}.DebugNet40|Any CPU.ActiveCfg = DebugNet40|Any CPU
		{72137DB5-8A91-4FF8-A292-5F6E73A66CD6}.DebugNet40|Any CPU.Build.0 = DebugNet40|Any CPU
		{72137DB5-8A91-4FF8-A292-5F6E73A66CD6}.DVD-5|Any CPU.ActiveCfg = Debug|Any CPU
		{72137DB5-8A91-4FF8-A292-5F6E73A66CD6}.DVD-5|Any CPU.Build.0 = Debug|Any CPU
		{72137DB5-8A91-4FF8-A292-5F6E73A66CD6}.MyGet|Any CPU.ActiveCfg = MyGet|Any CPU
		{72137DB5-8A91-4FF8-A292-5F6E73A66CD6}.MyGet|Any CPU.Build.0 = MyGet|Any CPU
		{72137DB5-8A91-4FF8-A292-5F6E73A66CD6}.MyGet40|Any CPU.ActiveCfg = MyGet40|Any CPU
		{72137DB5-8A91-4FF8-A292-5F6E73A66CD6}.MyGet40|Any CPU.Build.0 = MyGet40|Any CPU
		{72137DB5-8A91-4FF8-A292-5F6E73A66CD6}.Release|Any CPU.ActiveCfg = Release|Any CPU
		{72137DB5-8A91-4FF8-A292-5F6E73A66CD6}.Release|Any CPU.Build.0 = Release|Any CPU
		{72137DB5-8A91-4FF8-A292-5F6E73A66CD6}.ReleaseNet40|Any CPU.ActiveCfg = ReleaseNet40|Any CPU
		{72137DB5-8A91-4FF8-A292-5F6E73A66CD6}.ReleaseNet40|Any CPU.Build.0 = ReleaseNet40|Any CPU
		{72137DB5-8A91-4FF8-A292-5F6E73A66CD6}.Signed|Any CPU.ActiveCfg = CodeCov|Any CPU
		{72137DB5-8A91-4FF8-A292-5F6E73A66CD6}.Signed|Any CPU.Build.0 = CodeCov|Any CPU
		{72137DB5-8A91-4FF8-A292-5F6E73A66CD6}.SingleImage|Any CPU.ActiveCfg = CodeCov|Any CPU
		{72137DB5-8A91-4FF8-A292-5F6E73A66CD6}.SingleImage|Any CPU.Build.0 = CodeCov|Any CPU
	EndGlobalSection
	GlobalSection(SolutionProperties) = preSolution
		HideSolutionNode = FALSE
	EndGlobalSection
EndGlobal
